// !$*UTF8*$!
{
	archiveVersion = 1;
	classes = {
	};
	objectVersion = 55;
	objects = {

/* Begin PBXBuildFile section */
		4B81EB7975760A08F8C883BC /* Pods_NiceMuisc.framework in Frameworks */ = {isa = PBXBuildFile; fileRef = E40D583E4044753832CA6740 /* Pods_NiceMuisc.framework */; };
		A55A1B2C29DE420A000CE1D7 /* Localizable.strings in Resources */ = {isa = PBXBuildFile; fileRef = A55A1B2E29DE420A000CE1D7 /* Localizable.strings */; };
		A57ADC6429BEB6B300C9FDDF /* ServiceApi.swift in Sources */ = {isa = PBXBuildFile; fileRef = A57ADC6329BEB6B300C9FDDF /* ServiceApi.swift */; };
		A57ADC6629BEB84200C9FDDF /* ServiceApiProvider.swift in Sources */ = {isa = PBXBuildFile; fileRef = A57ADC6529BEB84200C9FDDF /* ServiceApiProvider.swift */; };
		A57ADC6929BEE3E100C9FDDF /* ArtistDetailModel.swift in Sources */ = {isa = PBXBuildFile; fileRef = A57ADC6829BEE3E100C9FDDF /* ArtistDetailModel.swift */; };
		A57ADC6B29BEE5EF00C9FDDF /* ServiceApiClient.swift in Sources */ = {isa = PBXBuildFile; fileRef = A57ADC6A29BEE5EF00C9FDDF /* ServiceApiClient.swift */; };
		A57ADC6E29BEE73900C9FDDF /* Log.swift in Sources */ = {isa = PBXBuildFile; fileRef = A57ADC6D29BEE73900C9FDDF /* Log.swift */; };
		A57ADC7429BF278400C9FDDF /* ArtistTopModel.swift in Sources */ = {isa = PBXBuildFile; fileRef = A57ADC7329BF278400C9FDDF /* ArtistTopModel.swift */; };
		A57ADC7629BF290100C9FDDF /* ArtistLocalTopModel.swift in Sources */ = {isa = PBXBuildFile; fileRef = A57ADC7529BF290100C9FDDF /* ArtistLocalTopModel.swift */; };
		A57ADC7A29BF2C3900C9FDDF /* TrackDetailModel.swift in Sources */ = {isa = PBXBuildFile; fileRef = A57ADC7929BF2C3900C9FDDF /* TrackDetailModel.swift */; };
		A57ADC7C29BF2D7200C9FDDF /* AlbumDetailModel.swift in Sources */ = {isa = PBXBuildFile; fileRef = A57ADC7B29BF2D7200C9FDDF /* AlbumDetailModel.swift */; };
		A57ADC7E29BF301F00C9FDDF /* AlbumSearchModel.swift in Sources */ = {isa = PBXBuildFile; fileRef = A57ADC7D29BF301F00C9FDDF /* AlbumSearchModel.swift */; };
		A57ADC8029BF3C1F00C9FDDF /* TrackSearchModel.swift in Sources */ = {isa = PBXBuildFile; fileRef = A57ADC7F29BF3C1F00C9FDDF /* TrackSearchModel.swift */; };
		A57ADC8229BF3F2300C9FDDF /* TrackTopModel.swift in Sources */ = {isa = PBXBuildFile; fileRef = A57ADC8129BF3F2300C9FDDF /* TrackTopModel.swift */; };
		A57ADC8429C008FD00C9FDDF /* SubViewDI.swift in Sources */ = {isa = PBXBuildFile; fileRef = A57ADC8329C008FD00C9FDDF /* SubViewDI.swift */; };
		A57ADC8629C0284D00C9FDDF /* TrackLocalTopModel.swift in Sources */ = {isa = PBXBuildFile; fileRef = A57ADC8529C0284D00C9FDDF /* TrackLocalTopModel.swift */; };
		A57ADC8829C0573300C9FDDF /* HomeTableViewCell.swift in Sources */ = {isa = PBXBuildFile; fileRef = A57ADC8729C0573300C9FDDF /* HomeTableViewCell.swift */; };
		A57ADC8C29C05D6900C9FDDF /* CommonCardModel.swift in Sources */ = {isa = PBXBuildFile; fileRef = A57ADC8B29C05D6900C9FDDF /* CommonCardModel.swift */; };
		A57ADC8E29C065BE00C9FDDF /* HomeCollectionViewCell.swift in Sources */ = {isa = PBXBuildFile; fileRef = A57ADC8D29C065BE00C9FDDF /* HomeCollectionViewCell.swift */; };
		A57ADC9029C14DCC00C9FDDF /* HomeCardModel.swift in Sources */ = {isa = PBXBuildFile; fileRef = A57ADC8F29C14DCC00C9FDDF /* HomeCardModel.swift */; };
		A57ADC9429C2B0F600C9FDDF /* ListViewController.swift in Sources */ = {isa = PBXBuildFile; fileRef = A57ADC9329C2B0F600C9FDDF /* ListViewController.swift */; };
		A57ADC9629C2B14400C9FDDF /* ListViewModel.swift in Sources */ = {isa = PBXBuildFile; fileRef = A57ADC9529C2B14400C9FDDF /* ListViewModel.swift */; };
		A57ADC9829C2B15300C9FDDF /* ListView.swift in Sources */ = {isa = PBXBuildFile; fileRef = A57ADC9729C2B15300C9FDDF /* ListView.swift */; };
		A57ADC9B29C2D63700C9FDDF /* ListTableViewCell.swift in Sources */ = {isa = PBXBuildFile; fileRef = A57ADC9A29C2D63700C9FDDF /* ListTableViewCell.swift */; };
		A57ADCA029C30D7700C9FDDF /* UIScrollView+.swift in Sources */ = {isa = PBXBuildFile; fileRef = A57ADC9F29C30D7700C9FDDF /* UIScrollView+.swift */; };
		A57ADCA229C4071E00C9FDDF /* BaseViewController.swift in Sources */ = {isa = PBXBuildFile; fileRef = A57ADCA129C4071E00C9FDDF /* BaseViewController.swift */; };
		A57ADCA429C42DEC00C9FDDF /* LoadingIndicator.swift in Sources */ = {isa = PBXBuildFile; fileRef = A57ADCA329C42DEC00C9FDDF /* LoadingIndicator.swift */; };
		A57ADCA629C4349F00C9FDDF /* DetailViewController.swift in Sources */ = {isa = PBXBuildFile; fileRef = A57ADCA529C4349F00C9FDDF /* DetailViewController.swift */; };
		A57ADCA829C434AB00C9FDDF /* DetailViewModel.swift in Sources */ = {isa = PBXBuildFile; fileRef = A57ADCA729C434AB00C9FDDF /* DetailViewModel.swift */; };
		A57ADCAA29C434B500C9FDDF /* DetailView.swift in Sources */ = {isa = PBXBuildFile; fileRef = A57ADCA929C434B500C9FDDF /* DetailView.swift */; };
		A57ADCAC29C4415300C9FDDF /* DetailModel.swift in Sources */ = {isa = PBXBuildFile; fileRef = A57ADCAB29C4415300C9FDDF /* DetailModel.swift */; };
		A57ADCAF29C463AC00C9FDDF /* DetailImageView.swift in Sources */ = {isa = PBXBuildFile; fileRef = A57ADCAE29C463AC00C9FDDF /* DetailImageView.swift */; };
		A5BA29D129CAC9F00038B36D /* DetailInfoView.swift in Sources */ = {isa = PBXBuildFile; fileRef = A5BA29D029CAC9F00038B36D /* DetailInfoView.swift */; };
		A5BA29D329CAE1AC0038B36D /* DetailTrackView.swift in Sources */ = {isa = PBXBuildFile; fileRef = A5BA29D229CAE1AC0038B36D /* DetailTrackView.swift */; };
		A5BA29D529CBD2160038B36D /* SearchView.swift in Sources */ = {isa = PBXBuildFile; fileRef = A5BA29D429CBD2160038B36D /* SearchView.swift */; };
		A5BA29D729CBD31B0038B36D /* UITextField+.swift in Sources */ = {isa = PBXBuildFile; fileRef = A5BA29D629CBD31B0038B36D /* UITextField+.swift */; };
		A5BA29DA29CBEB890038B36D /* SearchTabView.swift in Sources */ = {isa = PBXBuildFile; fileRef = A5BA29D929CBEB890038B36D /* SearchTabView.swift */; };
		A5BA29E129CC2A690038B36D /* ArtistSearchModel.swift in Sources */ = {isa = PBXBuildFile; fileRef = A5BA29E029CC2A690038B36D /* ArtistSearchModel.swift */; };
		A5BA29E529D1259D0038B36D /* BaseListViewModelType.swift in Sources */ = {isa = PBXBuildFile; fileRef = A5BA29E429D1259D0038B36D /* BaseListViewModelType.swift */; };
		A5BA29E729D18B400038B36D /* SearchKeywordView.swift in Sources */ = {isa = PBXBuildFile; fileRef = A5BA29E629D18B400038B36D /* SearchKeywordView.swift */; };
		A5BA29E929D18EEE0038B36D /* RecentSearchWord.swift in Sources */ = {isa = PBXBuildFile; fileRef = A5BA29E829D18EEE0038B36D /* RecentSearchWord.swift */; };
		A5BA29EC29D192500038B36D /* SearchKeywordCell.swift in Sources */ = {isa = PBXBuildFile; fileRef = A5BA29EB29D192500038B36D /* SearchKeywordCell.swift */; };
		A5BA29EE29D1A01B0038B36D /* Date+.swift in Sources */ = {isa = PBXBuildFile; fileRef = A5BA29ED29D1A01B0038B36D /* Date+.swift */; };
		A5BA29F029D1A77B0038B36D /* RecentlySearchManager.swift in Sources */ = {isa = PBXBuildFile; fileRef = A5BA29EF29D1A77B0038B36D /* RecentlySearchManager.swift */; };
		A5BA29F429D2E4990038B36D /* AlertDialogManager.swift in Sources */ = {isa = PBXBuildFile; fileRef = A5BA29F329D2E4990038B36D /* AlertDialogManager.swift */; };
		A5BA29F629D2E4E20038B36D /* UIWindow+.swift in Sources */ = {isa = PBXBuildFile; fileRef = A5BA29F529D2E4E20038B36D /* UIWindow+.swift */; };
		A5BD78EE29C93D2800F61807 /* BaseSubView.swift in Sources */ = {isa = PBXBuildFile; fileRef = A5BD78ED29C93D2800F61807 /* BaseSubView.swift */; };
		A5BD78F029C998FF00F61807 /* LoginViewController.swift in Sources */ = {isa = PBXBuildFile; fileRef = A5BD78EF29C998FF00F61807 /* LoginViewController.swift */; };
		A5BD78F229C99A1500F61807 /* LoginViewModel.swift in Sources */ = {isa = PBXBuildFile; fileRef = A5BD78F129C99A1500F61807 /* LoginViewModel.swift */; };
		A5BD78F429C99BFB00F61807 /* LoginView.swift in Sources */ = {isa = PBXBuildFile; fileRef = A5BD78F329C99BFB00F61807 /* LoginView.swift */; };
		A5BD78F629C9ABA000F61807 /* LoginFlow.swift in Sources */ = {isa = PBXBuildFile; fileRef = A5BD78F529C9ABA000F61807 /* LoginFlow.swift */; };
		A5BD78F929C9AE3B00F61807 /* LoginStepper.swift in Sources */ = {isa = PBXBuildFile; fileRef = A5BD78F829C9AE3B00F61807 /* LoginStepper.swift */; };
		A5BD78FB29CA8B8B00F61807 /* DetailDescView.swift in Sources */ = {isa = PBXBuildFile; fileRef = A5BD78FA29CA8B8B00F61807 /* DetailDescView.swift */; };
		A5DD6F7329C86063008D2B80 /* UIView+.swift in Sources */ = {isa = PBXBuildFile; fileRef = A5DD6F7229C86063008D2B80 /* UIView+.swift */; };
		A5DF79B929B0275A00799BEA /* AppDelegate.swift in Sources */ = {isa = PBXBuildFile; fileRef = A5DF79B829B0275A00799BEA /* AppDelegate.swift */; };
		A5DF79BB29B0275A00799BEA /* SceneDelegate.swift in Sources */ = {isa = PBXBuildFile; fileRef = A5DF79BA29B0275A00799BEA /* SceneDelegate.swift */; };
		A5DF79C229B0275A00799BEA /* Assets.xcassets in Resources */ = {isa = PBXBuildFile; fileRef = A5DF79C129B0275A00799BEA /* Assets.xcassets */; };
		A5DF79C529B0275A00799BEA /* LaunchScreen.storyboard in Resources */ = {isa = PBXBuildFile; fileRef = A5DF79C329B0275A00799BEA /* LaunchScreen.storyboard */; };
		A5DF79D229B05BA600799BEA /* MainSteps.swift in Sources */ = {isa = PBXBuildFile; fileRef = A5DF79D129B05BA600799BEA /* MainSteps.swift */; };
		A5DF79D429B05C1300799BEA /* AppStepper.swift in Sources */ = {isa = PBXBuildFile; fileRef = A5DF79D329B05C1300799BEA /* AppStepper.swift */; };
		A5DF79D829B05CA600799BEA /* MainStepper.swift in Sources */ = {isa = PBXBuildFile; fileRef = A5DF79D729B05CA600799BEA /* MainStepper.swift */; };
		A5DF79DA29B05CB500799BEA /* HomeStepper.swift in Sources */ = {isa = PBXBuildFile; fileRef = A5DF79D929B05CB500799BEA /* HomeStepper.swift */; };
		A5DF79DC29B05CC000799BEA /* SearchStepper.swift in Sources */ = {isa = PBXBuildFile; fileRef = A5DF79DB29B05CC000799BEA /* SearchStepper.swift */; };
		A5DF79E129B05D7500799BEA /* AppFlow.swift in Sources */ = {isa = PBXBuildFile; fileRef = A5DF79E029B05D7500799BEA /* AppFlow.swift */; };
		A5DF79E329B05D7B00799BEA /* MainFlow.swift in Sources */ = {isa = PBXBuildFile; fileRef = A5DF79E229B05D7B00799BEA /* MainFlow.swift */; };
		A5DF79E529B05D8500799BEA /* HomeFlow.swift in Sources */ = {isa = PBXBuildFile; fileRef = A5DF79E429B05D8500799BEA /* HomeFlow.swift */; };
		A5DF79E729B05D8C00799BEA /* SearchFlow.swift in Sources */ = {isa = PBXBuildFile; fileRef = A5DF79E629B05D8C00799BEA /* SearchFlow.swift */; };
		A5DF79EE29B0607800799BEA /* HomeViewController.swift in Sources */ = {isa = PBXBuildFile; fileRef = A5DF79ED29B0607800799BEA /* HomeViewController.swift */; };
		A5DF79F029B0608300799BEA /* HomeViewModel.swift in Sources */ = {isa = PBXBuildFile; fileRef = A5DF79EF29B0608300799BEA /* HomeViewModel.swift */; };
		A5DF79F229B0608E00799BEA /* SearchViewController.swift in Sources */ = {isa = PBXBuildFile; fileRef = A5DF79F129B0608E00799BEA /* SearchViewController.swift */; };
		A5DF79F429B0609600799BEA /* SearchViewModel.swift in Sources */ = {isa = PBXBuildFile; fileRef = A5DF79F329B0609600799BEA /* SearchViewModel.swift */; };
		A5DF79F829B0610D00799BEA /* ViewModelType.swift in Sources */ = {isa = PBXBuildFile; fileRef = A5DF79F729B0610D00799BEA /* ViewModelType.swift */; };
		A5DF7A2829B0821C00799BEA /* HomeView.swift in Sources */ = {isa = PBXBuildFile; fileRef = A5DF7A2729B0821C00799BEA /* HomeView.swift */; };
/* End PBXBuildFile section */

/* Begin PBXFileReference section */
		2AC229B4F07832C55B052FE9 /* Pods-NiceMuisc.release.xcconfig */ = {isa = PBXFileReference; includeInIndex = 1; lastKnownFileType = text.xcconfig; name = "Pods-NiceMuisc.release.xcconfig"; path = "Target Support Files/Pods-NiceMuisc/Pods-NiceMuisc.release.xcconfig"; sourceTree = "<group>"; };
		820A3F740215DAFC45EF6F1E /* Pods-NiceMuisc.debug.xcconfig */ = {isa = PBXFileReference; includeInIndex = 1; lastKnownFileType = text.xcconfig; name = "Pods-NiceMuisc.debug.xcconfig"; path = "Target Support Files/Pods-NiceMuisc/Pods-NiceMuisc.debug.xcconfig"; sourceTree = "<group>"; };
		A55A1B2D29DE420A000CE1D7 /* en */ = {isa = PBXFileReference; lastKnownFileType = text.plist.strings; name = en; path = en.lproj/Localizable.strings; sourceTree = "<group>"; };
		A55A1B2F29DE4246000CE1D7 /* ko */ = {isa = PBXFileReference; lastKnownFileType = text.plist.strings; name = ko; path = ko.lproj/LaunchScreen.strings; sourceTree = "<group>"; };
		A55A1B3029DE4246000CE1D7 /* ko */ = {isa = PBXFileReference; lastKnownFileType = text.plist.strings; name = ko; path = ko.lproj/Localizable.strings; sourceTree = "<group>"; };
		A57ADC6329BEB6B300C9FDDF /* ServiceApi.swift */ = {isa = PBXFileReference; lastKnownFileType = sourcecode.swift; path = ServiceApi.swift; sourceTree = "<group>"; };
		A57ADC6529BEB84200C9FDDF /* ServiceApiProvider.swift */ = {isa = PBXFileReference; lastKnownFileType = sourcecode.swift; path = ServiceApiProvider.swift; sourceTree = "<group>"; };
		A57ADC6829BEE3E100C9FDDF /* ArtistDetailModel.swift */ = {isa = PBXFileReference; lastKnownFileType = sourcecode.swift; path = ArtistDetailModel.swift; sourceTree = "<group>"; };
		A57ADC6A29BEE5EF00C9FDDF /* ServiceApiClient.swift */ = {isa = PBXFileReference; lastKnownFileType = sourcecode.swift; path = ServiceApiClient.swift; sourceTree = "<group>"; };
		A57ADC6D29BEE73900C9FDDF /* Log.swift */ = {isa = PBXFileReference; lastKnownFileType = sourcecode.swift; path = Log.swift; sourceTree = "<group>"; };
		A57ADC7329BF278400C9FDDF /* ArtistTopModel.swift */ = {isa = PBXFileReference; lastKnownFileType = sourcecode.swift; path = ArtistTopModel.swift; sourceTree = "<group>"; };
		A57ADC7529BF290100C9FDDF /* ArtistLocalTopModel.swift */ = {isa = PBXFileReference; lastKnownFileType = sourcecode.swift; path = ArtistLocalTopModel.swift; sourceTree = "<group>"; };
		A57ADC7929BF2C3900C9FDDF /* TrackDetailModel.swift */ = {isa = PBXFileReference; lastKnownFileType = sourcecode.swift; path = TrackDetailModel.swift; sourceTree = "<group>"; };
		A57ADC7B29BF2D7200C9FDDF /* AlbumDetailModel.swift */ = {isa = PBXFileReference; lastKnownFileType = sourcecode.swift; path = AlbumDetailModel.swift; sourceTree = "<group>"; };
		A57ADC7D29BF301F00C9FDDF /* AlbumSearchModel.swift */ = {isa = PBXFileReference; lastKnownFileType = sourcecode.swift; path = AlbumSearchModel.swift; sourceTree = "<group>"; };
		A57ADC7F29BF3C1F00C9FDDF /* TrackSearchModel.swift */ = {isa = PBXFileReference; lastKnownFileType = sourcecode.swift; path = TrackSearchModel.swift; sourceTree = "<group>"; };
		A57ADC8129BF3F2300C9FDDF /* TrackTopModel.swift */ = {isa = PBXFileReference; lastKnownFileType = sourcecode.swift; path = TrackTopModel.swift; sourceTree = "<group>"; };
		A57ADC8329C008FD00C9FDDF /* SubViewDI.swift */ = {isa = PBXFileReference; lastKnownFileType = sourcecode.swift; path = SubViewDI.swift; sourceTree = "<group>"; };
		A57ADC8529C0284D00C9FDDF /* TrackLocalTopModel.swift */ = {isa = PBXFileReference; lastKnownFileType = sourcecode.swift; path = TrackLocalTopModel.swift; sourceTree = "<group>"; };
		A57ADC8729C0573300C9FDDF /* HomeTableViewCell.swift */ = {isa = PBXFileReference; lastKnownFileType = sourcecode.swift; path = HomeTableViewCell.swift; sourceTree = "<group>"; };
		A57ADC8B29C05D6900C9FDDF /* CommonCardModel.swift */ = {isa = PBXFileReference; lastKnownFileType = sourcecode.swift; path = CommonCardModel.swift; sourceTree = "<group>"; };
		A57ADC8D29C065BE00C9FDDF /* HomeCollectionViewCell.swift */ = {isa = PBXFileReference; lastKnownFileType = sourcecode.swift; path = HomeCollectionViewCell.swift; sourceTree = "<group>"; };
		A57ADC8F29C14DCC00C9FDDF /* HomeCardModel.swift */ = {isa = PBXFileReference; lastKnownFileType = sourcecode.swift; path = HomeCardModel.swift; sourceTree = "<group>"; };
		A57ADC9329C2B0F600C9FDDF /* ListViewController.swift */ = {isa = PBXFileReference; lastKnownFileType = sourcecode.swift; path = ListViewController.swift; sourceTree = "<group>"; };
		A57ADC9529C2B14400C9FDDF /* ListViewModel.swift */ = {isa = PBXFileReference; lastKnownFileType = sourcecode.swift; path = ListViewModel.swift; sourceTree = "<group>"; };
		A57ADC9729C2B15300C9FDDF /* ListView.swift */ = {isa = PBXFileReference; lastKnownFileType = sourcecode.swift; path = ListView.swift; sourceTree = "<group>"; };
		A57ADC9A29C2D63700C9FDDF /* ListTableViewCell.swift */ = {isa = PBXFileReference; lastKnownFileType = sourcecode.swift; path = ListTableViewCell.swift; sourceTree = "<group>"; };
		A57ADC9F29C30D7700C9FDDF /* UIScrollView+.swift */ = {isa = PBXFileReference; lastKnownFileType = sourcecode.swift; path = "UIScrollView+.swift"; sourceTree = "<group>"; };
		A57ADCA129C4071E00C9FDDF /* BaseViewController.swift */ = {isa = PBXFileReference; lastKnownFileType = sourcecode.swift; path = BaseViewController.swift; sourceTree = "<group>"; };
		A57ADCA329C42DEC00C9FDDF /* LoadingIndicator.swift */ = {isa = PBXFileReference; lastKnownFileType = sourcecode.swift; path = LoadingIndicator.swift; sourceTree = "<group>"; };
		A57ADCA529C4349F00C9FDDF /* DetailViewController.swift */ = {isa = PBXFileReference; lastKnownFileType = sourcecode.swift; path = DetailViewController.swift; sourceTree = "<group>"; };
		A57ADCA729C434AB00C9FDDF /* DetailViewModel.swift */ = {isa = PBXFileReference; lastKnownFileType = sourcecode.swift; path = DetailViewModel.swift; sourceTree = "<group>"; };
		A57ADCA929C434B500C9FDDF /* DetailView.swift */ = {isa = PBXFileReference; lastKnownFileType = sourcecode.swift; path = DetailView.swift; sourceTree = "<group>"; };
		A57ADCAB29C4415300C9FDDF /* DetailModel.swift */ = {isa = PBXFileReference; lastKnownFileType = sourcecode.swift; path = DetailModel.swift; sourceTree = "<group>"; };
		A57ADCAE29C463AC00C9FDDF /* DetailImageView.swift */ = {isa = PBXFileReference; lastKnownFileType = sourcecode.swift; path = DetailImageView.swift; sourceTree = "<group>"; };
		A5BA29D029CAC9F00038B36D /* DetailInfoView.swift */ = {isa = PBXFileReference; lastKnownFileType = sourcecode.swift; path = DetailInfoView.swift; sourceTree = "<group>"; };
		A5BA29D229CAE1AC0038B36D /* DetailTrackView.swift */ = {isa = PBXFileReference; lastKnownFileType = sourcecode.swift; path = DetailTrackView.swift; sourceTree = "<group>"; };
		A5BA29D429CBD2160038B36D /* SearchView.swift */ = {isa = PBXFileReference; lastKnownFileType = sourcecode.swift; path = SearchView.swift; sourceTree = "<group>"; };
		A5BA29D629CBD31B0038B36D /* UITextField+.swift */ = {isa = PBXFileReference; lastKnownFileType = sourcecode.swift; path = "UITextField+.swift"; sourceTree = "<group>"; };
		A5BA29D929CBEB890038B36D /* SearchTabView.swift */ = {isa = PBXFileReference; lastKnownFileType = sourcecode.swift; path = SearchTabView.swift; sourceTree = "<group>"; };
		A5BA29E029CC2A690038B36D /* ArtistSearchModel.swift */ = {isa = PBXFileReference; lastKnownFileType = sourcecode.swift; path = ArtistSearchModel.swift; sourceTree = "<group>"; };
		A5BA29E429D1259D0038B36D /* BaseListViewModelType.swift */ = {isa = PBXFileReference; lastKnownFileType = sourcecode.swift; path = BaseListViewModelType.swift; sourceTree = "<group>"; };
		A5BA29E629D18B400038B36D /* SearchKeywordView.swift */ = {isa = PBXFileReference; lastKnownFileType = sourcecode.swift; path = SearchKeywordView.swift; sourceTree = "<group>"; };
		A5BA29E829D18EEE0038B36D /* RecentSearchWord.swift */ = {isa = PBXFileReference; lastKnownFileType = sourcecode.swift; path = RecentSearchWord.swift; sourceTree = "<group>"; };
		A5BA29EB29D192500038B36D /* SearchKeywordCell.swift */ = {isa = PBXFileReference; lastKnownFileType = sourcecode.swift; path = SearchKeywordCell.swift; sourceTree = "<group>"; };
		A5BA29ED29D1A01B0038B36D /* Date+.swift */ = {isa = PBXFileReference; lastKnownFileType = sourcecode.swift; path = "Date+.swift"; sourceTree = "<group>"; };
		A5BA29EF29D1A77B0038B36D /* RecentlySearchManager.swift */ = {isa = PBXFileReference; lastKnownFileType = sourcecode.swift; path = RecentlySearchManager.swift; sourceTree = "<group>"; };
		A5BA29F329D2E4990038B36D /* AlertDialogManager.swift */ = {isa = PBXFileReference; lastKnownFileType = sourcecode.swift; path = AlertDialogManager.swift; sourceTree = "<group>"; };
		A5BA29F529D2E4E20038B36D /* UIWindow+.swift */ = {isa = PBXFileReference; lastKnownFileType = sourcecode.swift; path = "UIWindow+.swift"; sourceTree = "<group>"; };
		A5BD78ED29C93D2800F61807 /* BaseSubView.swift */ = {isa = PBXFileReference; lastKnownFileType = sourcecode.swift; path = BaseSubView.swift; sourceTree = "<group>"; };
		A5BD78EF29C998FF00F61807 /* LoginViewController.swift */ = {isa = PBXFileReference; lastKnownFileType = sourcecode.swift; path = LoginViewController.swift; sourceTree = "<group>"; };
		A5BD78F129C99A1500F61807 /* LoginViewModel.swift */ = {isa = PBXFileReference; lastKnownFileType = sourcecode.swift; path = LoginViewModel.swift; sourceTree = "<group>"; };
		A5BD78F329C99BFB00F61807 /* LoginView.swift */ = {isa = PBXFileReference; lastKnownFileType = sourcecode.swift; path = LoginView.swift; sourceTree = "<group>"; };
		A5BD78F529C9ABA000F61807 /* LoginFlow.swift */ = {isa = PBXFileReference; lastKnownFileType = sourcecode.swift; path = LoginFlow.swift; sourceTree = "<group>"; };
		A5BD78F829C9AE3B00F61807 /* LoginStepper.swift */ = {isa = PBXFileReference; lastKnownFileType = sourcecode.swift; path = LoginStepper.swift; sourceTree = "<group>"; };
		A5BD78FA29CA8B8B00F61807 /* DetailDescView.swift */ = {isa = PBXFileReference; lastKnownFileType = sourcecode.swift; path = DetailDescView.swift; sourceTree = "<group>"; };
		A5DD6F7229C86063008D2B80 /* UIView+.swift */ = {isa = PBXFileReference; lastKnownFileType = sourcecode.swift; path = "UIView+.swift"; sourceTree = "<group>"; };
		A5DF79B529B0275A00799BEA /* NiceMuisc.app */ = {isa = PBXFileReference; explicitFileType = wrapper.application; includeInIndex = 0; path = NiceMuisc.app; sourceTree = BUILT_PRODUCTS_DIR; };
		A5DF79B829B0275A00799BEA /* AppDelegate.swift */ = {isa = PBXFileReference; lastKnownFileType = sourcecode.swift; path = AppDelegate.swift; sourceTree = "<group>"; };
		A5DF79BA29B0275A00799BEA /* SceneDelegate.swift */ = {isa = PBXFileReference; lastKnownFileType = sourcecode.swift; path = SceneDelegate.swift; sourceTree = "<group>"; };
		A5DF79C129B0275A00799BEA /* Assets.xcassets */ = {isa = PBXFileReference; lastKnownFileType = folder.assetcatalog; path = Assets.xcassets; sourceTree = "<group>"; };
		A5DF79C429B0275A00799BEA /* Base */ = {isa = PBXFileReference; lastKnownFileType = file.storyboard; name = Base; path = Base.lproj/LaunchScreen.storyboard; sourceTree = "<group>"; };
		A5DF79C629B0275A00799BEA /* Info.plist */ = {isa = PBXFileReference; lastKnownFileType = text.plist.xml; path = Info.plist; sourceTree = "<group>"; };
		A5DF79D129B05BA600799BEA /* MainSteps.swift */ = {isa = PBXFileReference; lastKnownFileType = sourcecode.swift; path = MainSteps.swift; sourceTree = "<group>"; };
		A5DF79D329B05C1300799BEA /* AppStepper.swift */ = {isa = PBXFileReference; lastKnownFileType = sourcecode.swift; path = AppStepper.swift; sourceTree = "<group>"; };
		A5DF79D729B05CA600799BEA /* MainStepper.swift */ = {isa = PBXFileReference; lastKnownFileType = sourcecode.swift; path = MainStepper.swift; sourceTree = "<group>"; };
		A5DF79D929B05CB500799BEA /* HomeStepper.swift */ = {isa = PBXFileReference; lastKnownFileType = sourcecode.swift; path = HomeStepper.swift; sourceTree = "<group>"; };
		A5DF79DB29B05CC000799BEA /* SearchStepper.swift */ = {isa = PBXFileReference; lastKnownFileType = sourcecode.swift; path = SearchStepper.swift; sourceTree = "<group>"; };
		A5DF79E029B05D7500799BEA /* AppFlow.swift */ = {isa = PBXFileReference; lastKnownFileType = sourcecode.swift; path = AppFlow.swift; sourceTree = "<group>"; };
		A5DF79E229B05D7B00799BEA /* MainFlow.swift */ = {isa = PBXFileReference; lastKnownFileType = sourcecode.swift; path = MainFlow.swift; sourceTree = "<group>"; };
		A5DF79E429B05D8500799BEA /* HomeFlow.swift */ = {isa = PBXFileReference; lastKnownFileType = sourcecode.swift; path = HomeFlow.swift; sourceTree = "<group>"; };
		A5DF79E629B05D8C00799BEA /* SearchFlow.swift */ = {isa = PBXFileReference; lastKnownFileType = sourcecode.swift; path = SearchFlow.swift; sourceTree = "<group>"; };
		A5DF79ED29B0607800799BEA /* HomeViewController.swift */ = {isa = PBXFileReference; lastKnownFileType = sourcecode.swift; path = HomeViewController.swift; sourceTree = "<group>"; };
		A5DF79EF29B0608300799BEA /* HomeViewModel.swift */ = {isa = PBXFileReference; lastKnownFileType = sourcecode.swift; path = HomeViewModel.swift; sourceTree = "<group>"; };
		A5DF79F129B0608E00799BEA /* SearchViewController.swift */ = {isa = PBXFileReference; lastKnownFileType = sourcecode.swift; path = SearchViewController.swift; sourceTree = "<group>"; };
		A5DF79F329B0609600799BEA /* SearchViewModel.swift */ = {isa = PBXFileReference; lastKnownFileType = sourcecode.swift; path = SearchViewModel.swift; sourceTree = "<group>"; };
		A5DF79F729B0610D00799BEA /* ViewModelType.swift */ = {isa = PBXFileReference; lastKnownFileType = sourcecode.swift; path = ViewModelType.swift; sourceTree = "<group>"; };
		A5DF7A2729B0821C00799BEA /* HomeView.swift */ = {isa = PBXFileReference; lastKnownFileType = sourcecode.swift; path = HomeView.swift; sourceTree = "<group>"; };
		E40D583E4044753832CA6740 /* Pods_NiceMuisc.framework */ = {isa = PBXFileReference; explicitFileType = wrapper.framework; includeInIndex = 0; path = Pods_NiceMuisc.framework; sourceTree = BUILT_PRODUCTS_DIR; };
/* End PBXFileReference section */

/* Begin PBXFrameworksBuildPhase section */
		A5DF79B229B0275A00799BEA /* Frameworks */ = {
			isa = PBXFrameworksBuildPhase;
			buildActionMask = 2147483647;
			files = (
				4B81EB7975760A08F8C883BC /* Pods_NiceMuisc.framework in Frameworks */,
			);
			runOnlyForDeploymentPostprocessing = 0;
		};
/* End PBXFrameworksBuildPhase section */

/* Begin PBXGroup section */
		A55A1B2929DE41A0000CE1D7 /* Resource */ = {
			isa = PBXGroup;
			children = (
				A55A1B2E29DE420A000CE1D7 /* Localizable.strings */,
			);
			path = Resource;
			sourceTree = "<group>";
		};
		A57ADC6229BEB69400C9FDDF /* Network */ = {
			isa = PBXGroup;
			children = (
				A57ADC6329BEB6B300C9FDDF /* ServiceApi.swift */,
				A57ADC6529BEB84200C9FDDF /* ServiceApiProvider.swift */,
				A57ADC6A29BEE5EF00C9FDDF /* ServiceApiClient.swift */,
			);
			path = Network;
			sourceTree = "<group>";
		};
		A57ADC6729BEE01E00C9FDDF /* Cell */ = {
			isa = PBXGroup;
			children = (
				A57ADC8729C0573300C9FDDF /* HomeTableViewCell.swift */,
				A57ADC8D29C065BE00C9FDDF /* HomeCollectionViewCell.swift */,
			);
			path = Cell;
			sourceTree = "<group>";
		};
		A57ADC6C29BEE72D00C9FDDF /* Utils */ = {
			isa = PBXGroup;
			children = (
				A57ADC9E29C30D5500C9FDDF /* Extension */,
				A57ADC6D29BEE73900C9FDDF /* Log.swift */,
				A5BA29F329D2E4990038B36D /* AlertDialogManager.swift */,
			);
			path = Utils;
			sourceTree = "<group>";
		};
		A57ADC9929C2D62900C9FDDF /* Cell */ = {
			isa = PBXGroup;
			children = (
				A57ADC9A29C2D63700C9FDDF /* ListTableViewCell.swift */,
			);
			path = Cell;
			sourceTree = "<group>";
		};
		A57ADC9E29C30D5500C9FDDF /* Extension */ = {
			isa = PBXGroup;
			children = (
				A57ADC9F29C30D7700C9FDDF /* UIScrollView+.swift */,
				A5DD6F7229C86063008D2B80 /* UIView+.swift */,
				A5BA29D629CBD31B0038B36D /* UITextField+.swift */,
				A5BA29ED29D1A01B0038B36D /* Date+.swift */,
				A5BA29F529D2E4E20038B36D /* UIWindow+.swift */,
			);
			path = Extension;
			sourceTree = "<group>";
		};
		A57ADCAD29C4638600C9FDDF /* Subviews */ = {
			isa = PBXGroup;
			children = (
				A57ADCAE29C463AC00C9FDDF /* DetailImageView.swift */,
				A5BA29D029CAC9F00038B36D /* DetailInfoView.swift */,
				A5BA29D229CAE1AC0038B36D /* DetailTrackView.swift */,
				A5BD78FA29CA8B8B00F61807 /* DetailDescView.swift */,
			);
			path = Subviews;
			sourceTree = "<group>";
		};
		A5BA29D829CBEB720038B36D /* Subviews */ = {
			isa = PBXGroup;
			children = (
				A5BA29D929CBEB890038B36D /* SearchTabView.swift */,
				A5BA29E629D18B400038B36D /* SearchKeywordView.swift */,
			);
			path = Subviews;
			sourceTree = "<group>";
		};
		A5BA29EA29D1923E0038B36D /* Cell */ = {
			isa = PBXGroup;
			children = (
				A5BA29EB29D192500038B36D /* SearchKeywordCell.swift */,
			);
			path = Cell;
			sourceTree = "<group>";
		};
		A5BD78F729C9AD2100F61807 /* Login */ = {
			isa = PBXGroup;
			children = (
				A5BD78EF29C998FF00F61807 /* LoginViewController.swift */,
				A5BD78F129C99A1500F61807 /* LoginViewModel.swift */,
				A5BD78F329C99BFB00F61807 /* LoginView.swift */,
			);
			path = Login;
			sourceTree = "<group>";
		};
		A5DF79AC29B0275A00799BEA = {
			isa = PBXGroup;
			children = (
				A5DF79B729B0275A00799BEA /* NiceMuisc */,
				A5DF79B629B0275A00799BEA /* Products */,
				CF767403931AF63A1BDA4592 /* Pods */,
				BDF864835C2571A30D5F885A /* Frameworks */,
			);
			sourceTree = "<group>";
		};
		A5DF79B629B0275A00799BEA /* Products */ = {
			isa = PBXGroup;
			children = (
				A5DF79B529B0275A00799BEA /* NiceMuisc.app */,
			);
			name = Products;
			sourceTree = "<group>";
		};
		A5DF79B729B0275A00799BEA /* NiceMuisc */ = {
			isa = PBXGroup;
			children = (
				A5DF79F929B0618D00799BEA /* Common */,
				A57ADC6229BEB69400C9FDDF /* Network */,
				A5DF79CD29B043DD00799BEA /* Models */,
				A5DF79CF29B043EF00799BEA /* Sections */,
				A5DF79DF29B05D5900799BEA /* Flows */,
				A5DF79CC29B043D800799BEA /* Services */,
				A57ADC6C29BEE72D00C9FDDF /* Utils */,
				A55A1B2929DE41A0000CE1D7 /* Resource */,
				A5DF79C129B0275A00799BEA /* Assets.xcassets */,
				A5DF79C329B0275A00799BEA /* LaunchScreen.storyboard */,
				A5DF79C629B0275A00799BEA /* Info.plist */,
			);
			path = NiceMuisc;
			sourceTree = "<group>";
		};
		A5DF79CC29B043D800799BEA /* Services */ = {
			isa = PBXGroup;
			children = (
				A5DF79D629B05C2700799BEA /* Steppers */,
				A5DF79D529B05C1C00799BEA /* Steps */,
				A5BA29EF29D1A77B0038B36D /* RecentlySearchManager.swift */,
			);
			path = Services;
			sourceTree = "<group>";
		};
		A5DF79CD29B043DD00799BEA /* Models */ = {
			isa = PBXGroup;
			children = (
				A57ADC8B29C05D6900C9FDDF /* CommonCardModel.swift */,
				A57ADC8F29C14DCC00C9FDDF /* HomeCardModel.swift */,
				A57ADCAB29C4415300C9FDDF /* DetailModel.swift */,
				A57ADC6829BEE3E100C9FDDF /* ArtistDetailModel.swift */,
				A5BA29E029CC2A690038B36D /* ArtistSearchModel.swift */,
				A57ADC7329BF278400C9FDDF /* ArtistTopModel.swift */,
				A57ADC7529BF290100C9FDDF /* ArtistLocalTopModel.swift */,
				A57ADC7B29BF2D7200C9FDDF /* AlbumDetailModel.swift */,
				A57ADC7D29BF301F00C9FDDF /* AlbumSearchModel.swift */,
				A57ADC7929BF2C3900C9FDDF /* TrackDetailModel.swift */,
				A57ADC7F29BF3C1F00C9FDDF /* TrackSearchModel.swift */,
				A57ADC8129BF3F2300C9FDDF /* TrackTopModel.swift */,
				A57ADC8529C0284D00C9FDDF /* TrackLocalTopModel.swift */,
				A5BA29E829D18EEE0038B36D /* RecentSearchWord.swift */,
			);
			path = Models;
			sourceTree = "<group>";
		};
		A5DF79CF29B043EF00799BEA /* Sections */ = {
			isa = PBXGroup;
			children = (
				A5BD78F729C9AD2100F61807 /* Login */,
				A5DF79EC29B0605F00799BEA /* Main */,
				A5DF79EB29B0602600799BEA /* Detail */,
				A5DF79EA29B0602300799BEA /* List */,
				A5DF79F729B0610D00799BEA /* ViewModelType.swift */,
				A57ADC8329C008FD00C9FDDF /* SubViewDI.swift */,
				A5BD78ED29C93D2800F61807 /* BaseSubView.swift */,
				A57ADCA129C4071E00C9FDDF /* BaseViewController.swift */,
				A57ADCA329C42DEC00C9FDDF /* LoadingIndicator.swift */,
				A5BA29E429D1259D0038B36D /* BaseListViewModelType.swift */,
			);
			path = Sections;
			sourceTree = "<group>";
		};
		A5DF79D529B05C1C00799BEA /* Steps */ = {
			isa = PBXGroup;
			children = (
				A5DF79D129B05BA600799BEA /* MainSteps.swift */,
			);
			path = Steps;
			sourceTree = "<group>";
		};
		A5DF79D629B05C2700799BEA /* Steppers */ = {
			isa = PBXGroup;
			children = (
				A5DF79D329B05C1300799BEA /* AppStepper.swift */,
				A5BD78F829C9AE3B00F61807 /* LoginStepper.swift */,
				A5DF79D729B05CA600799BEA /* MainStepper.swift */,
				A5DF79D929B05CB500799BEA /* HomeStepper.swift */,
				A5DF79DB29B05CC000799BEA /* SearchStepper.swift */,
			);
			path = Steppers;
			sourceTree = "<group>";
		};
		A5DF79DF29B05D5900799BEA /* Flows */ = {
			isa = PBXGroup;
			children = (
				A5DF79E029B05D7500799BEA /* AppFlow.swift */,
				A5BD78F529C9ABA000F61807 /* LoginFlow.swift */,
				A5DF79E229B05D7B00799BEA /* MainFlow.swift */,
				A5DF79E429B05D8500799BEA /* HomeFlow.swift */,
				A5DF79E629B05D8C00799BEA /* SearchFlow.swift */,
			);
			path = Flows;
			sourceTree = "<group>";
		};
		A5DF79E829B0601700799BEA /* Home */ = {
			isa = PBXGroup;
			children = (
				A57ADC6729BEE01E00C9FDDF /* Cell */,
				A5DF79ED29B0607800799BEA /* HomeViewController.swift */,
				A5DF79EF29B0608300799BEA /* HomeViewModel.swift */,
				A5DF7A2729B0821C00799BEA /* HomeView.swift */,
			);
			path = Home;
			sourceTree = "<group>";
		};
		A5DF79E929B0601F00799BEA /* Search */ = {
			isa = PBXGroup;
			children = (
				A5BA29EA29D1923E0038B36D /* Cell */,
				A5BA29D829CBEB720038B36D /* Subviews */,
				A5DF79F129B0608E00799BEA /* SearchViewController.swift */,
				A5DF79F329B0609600799BEA /* SearchViewModel.swift */,
				A5BA29D429CBD2160038B36D /* SearchView.swift */,
			);
			path = Search;
			sourceTree = "<group>";
		};
		A5DF79EA29B0602300799BEA /* List */ = {
			isa = PBXGroup;
			children = (
				A57ADC9929C2D62900C9FDDF /* Cell */,
				A57ADC9329C2B0F600C9FDDF /* ListViewController.swift */,
				A57ADC9529C2B14400C9FDDF /* ListViewModel.swift */,
				A57ADC9729C2B15300C9FDDF /* ListView.swift */,
			);
			path = List;
			sourceTree = "<group>";
		};
		A5DF79EB29B0602600799BEA /* Detail */ = {
			isa = PBXGroup;
			children = (
				A57ADCAD29C4638600C9FDDF /* Subviews */,
				A57ADCA529C4349F00C9FDDF /* DetailViewController.swift */,
				A57ADCA729C434AB00C9FDDF /* DetailViewModel.swift */,
				A57ADCA929C434B500C9FDDF /* DetailView.swift */,
			);
			path = Detail;
			sourceTree = "<group>";
		};
		A5DF79EC29B0605F00799BEA /* Main */ = {
			isa = PBXGroup;
			children = (
				A5DF79E829B0601700799BEA /* Home */,
				A5DF79E929B0601F00799BEA /* Search */,
			);
			path = Main;
			sourceTree = "<group>";
		};
		A5DF79F929B0618D00799BEA /* Common */ = {
			isa = PBXGroup;
			children = (
				A5DF79B829B0275A00799BEA /* AppDelegate.swift */,
				A5DF79BA29B0275A00799BEA /* SceneDelegate.swift */,
			);
			path = Common;
			sourceTree = "<group>";
		};
		BDF864835C2571A30D5F885A /* Frameworks */ = {
			isa = PBXGroup;
			children = (
				E40D583E4044753832CA6740 /* Pods_NiceMuisc.framework */,
			);
			name = Frameworks;
			sourceTree = "<group>";
		};
		CF767403931AF63A1BDA4592 /* Pods */ = {
			isa = PBXGroup;
			children = (
				820A3F740215DAFC45EF6F1E /* Pods-NiceMuisc.debug.xcconfig */,
				2AC229B4F07832C55B052FE9 /* Pods-NiceMuisc.release.xcconfig */,
			);
			path = Pods;
			sourceTree = "<group>";
		};
/* End PBXGroup section */

/* Begin PBXNativeTarget section */
		A5DF79B429B0275A00799BEA /* NiceMuisc */ = {
			isa = PBXNativeTarget;
			buildConfigurationList = A5DF79C929B0275A00799BEA /* Build configuration list for PBXNativeTarget "NiceMuisc" */;
			buildPhases = (
				1FFB91224770008E136A4FAB /* [CP] Check Pods Manifest.lock */,
				A5DF79B129B0275A00799BEA /* Sources */,
				A5DF79B229B0275A00799BEA /* Frameworks */,
				A5DF79B329B0275A00799BEA /* Resources */,
				4D822FD622AA5A02CE3A3E08 /* [CP] Embed Pods Frameworks */,
			);
			buildRules = (
			);
			dependencies = (
			);
			name = NiceMuisc;
			productName = NiceMuisc;
			productReference = A5DF79B529B0275A00799BEA /* NiceMuisc.app */;
			productType = "com.apple.product-type.application";
		};
/* End PBXNativeTarget section */

/* Begin PBXProject section */
		A5DF79AD29B0275A00799BEA /* Project object */ = {
			isa = PBXProject;
			attributes = {
				BuildIndependentTargetsInParallel = 1;
				LastSwiftUpdateCheck = 1400;
				LastUpgradeCheck = 1400;
				TargetAttributes = {
					A5DF79B429B0275A00799BEA = {
						CreatedOnToolsVersion = 14.0.1;
					};
				};
			};
			buildConfigurationList = A5DF79B029B0275A00799BEA /* Build configuration list for PBXProject "NiceMuisc" */;
			compatibilityVersion = "Xcode 13.0";
			developmentRegion = en;
			hasScannedForEncodings = 0;
			knownRegions = (
				en,
				Base,
				ko,
			);
			mainGroup = A5DF79AC29B0275A00799BEA;
			productRefGroup = A5DF79B629B0275A00799BEA /* Products */;
			projectDirPath = "";
			projectRoot = "";
			targets = (
				A5DF79B429B0275A00799BEA /* NiceMuisc */,
			);
		};
/* End PBXProject section */

/* Begin PBXResourcesBuildPhase section */
		A5DF79B329B0275A00799BEA /* Resources */ = {
			isa = PBXResourcesBuildPhase;
			buildActionMask = 2147483647;
			files = (
				A5DF79C529B0275A00799BEA /* LaunchScreen.storyboard in Resources */,
				A55A1B2C29DE420A000CE1D7 /* Localizable.strings in Resources */,
				A5DF79C229B0275A00799BEA /* Assets.xcassets in Resources */,
			);
			runOnlyForDeploymentPostprocessing = 0;
		};
/* End PBXResourcesBuildPhase section */

/* Begin PBXShellScriptBuildPhase section */
		1FFB91224770008E136A4FAB /* [CP] Check Pods Manifest.lock */ = {
			isa = PBXShellScriptBuildPhase;
			buildActionMask = 2147483647;
			files = (
			);
			inputFileListPaths = (
			);
			inputPaths = (
				"${PODS_PODFILE_DIR_PATH}/Podfile.lock",
				"${PODS_ROOT}/Manifest.lock",
			);
			name = "[CP] Check Pods Manifest.lock";
			outputFileListPaths = (
			);
			outputPaths = (
				"$(DERIVED_FILE_DIR)/Pods-NiceMuisc-checkManifestLockResult.txt",
			);
			runOnlyForDeploymentPostprocessing = 0;
			shellPath = /bin/sh;
			shellScript = "diff \"${PODS_PODFILE_DIR_PATH}/Podfile.lock\" \"${PODS_ROOT}/Manifest.lock\" > /dev/null\nif [ $? != 0 ] ; then\n    # print error to STDERR\n    echo \"error: The sandbox is not in sync with the Podfile.lock. Run 'pod install' or update your CocoaPods installation.\" >&2\n    exit 1\nfi\n# This output is used by Xcode 'outputs' to avoid re-running this script phase.\necho \"SUCCESS\" > \"${SCRIPT_OUTPUT_FILE_0}\"\n";
			showEnvVarsInLog = 0;
		};
		4D822FD622AA5A02CE3A3E08 /* [CP] Embed Pods Frameworks */ = {
			isa = PBXShellScriptBuildPhase;
			buildActionMask = 2147483647;
			files = (
			);
			inputFileListPaths = (
				"${PODS_ROOT}/Target Support Files/Pods-NiceMuisc/Pods-NiceMuisc-frameworks-${CONFIGURATION}-input-files.xcfilelist",
			);
			name = "[CP] Embed Pods Frameworks";
			outputFileListPaths = (
				"${PODS_ROOT}/Target Support Files/Pods-NiceMuisc/Pods-NiceMuisc-frameworks-${CONFIGURATION}-output-files.xcfilelist",
			);
			runOnlyForDeploymentPostprocessing = 0;
			shellPath = /bin/sh;
			shellScript = "\"${PODS_ROOT}/Target Support Files/Pods-NiceMuisc/Pods-NiceMuisc-frameworks.sh\"\n";
			showEnvVarsInLog = 0;
		};
/* End PBXShellScriptBuildPhase section */

/* Begin PBXSourcesBuildPhase section */
		A5DF79B129B0275A00799BEA /* Sources */ = {
			isa = PBXSourcesBuildPhase;
			buildActionMask = 2147483647;
			files = (
				A57ADC9429C2B0F600C9FDDF /* ListViewController.swift in Sources */,
				A57ADC8E29C065BE00C9FDDF /* HomeCollectionViewCell.swift in Sources */,
				A57ADC6B29BEE5EF00C9FDDF /* ServiceApiClient.swift in Sources */,
				A5BA29E929D18EEE0038B36D /* RecentSearchWord.swift in Sources */,
				A5DF79F229B0608E00799BEA /* SearchViewController.swift in Sources */,
				A5BA29F029D1A77B0038B36D /* RecentlySearchManager.swift in Sources */,
				A5BA29F429D2E4990038B36D /* AlertDialogManager.swift in Sources */,
				A57ADC6E29BEE73900C9FDDF /* Log.swift in Sources */,
				A57ADC8029BF3C1F00C9FDDF /* TrackSearchModel.swift in Sources */,
				A5DF79D829B05CA600799BEA /* MainStepper.swift in Sources */,
				A57ADC8C29C05D6900C9FDDF /* CommonCardModel.swift in Sources */,
				A57ADC9B29C2D63700C9FDDF /* ListTableViewCell.swift in Sources */,
				A5BD78F429C99BFB00F61807 /* LoginView.swift in Sources */,
				A5DF79F429B0609600799BEA /* SearchViewModel.swift in Sources */,
				A5BD78FB29CA8B8B00F61807 /* DetailDescView.swift in Sources */,
				A57ADCA629C4349F00C9FDDF /* DetailViewController.swift in Sources */,
				A5BD78EE29C93D2800F61807 /* BaseSubView.swift in Sources */,
				A5BA29E529D1259D0038B36D /* BaseListViewModelType.swift in Sources */,
				A57ADC6629BEB84200C9FDDF /* ServiceApiProvider.swift in Sources */,
				A57ADCA829C434AB00C9FDDF /* DetailViewModel.swift in Sources */,
				A57ADC8429C008FD00C9FDDF /* SubViewDI.swift in Sources */,
				A5BD78F629C9ABA000F61807 /* LoginFlow.swift in Sources */,
				A5DF79E129B05D7500799BEA /* AppFlow.swift in Sources */,
				A5DF79E329B05D7B00799BEA /* MainFlow.swift in Sources */,
				A57ADCAF29C463AC00C9FDDF /* DetailImageView.swift in Sources */,
				A57ADCAA29C434B500C9FDDF /* DetailView.swift in Sources */,
				A57ADC9829C2B15300C9FDDF /* ListView.swift in Sources */,
				A57ADCA429C42DEC00C9FDDF /* LoadingIndicator.swift in Sources */,
				A57ADC9629C2B14400C9FDDF /* ListViewModel.swift in Sources */,
				A57ADC7E29BF301F00C9FDDF /* AlbumSearchModel.swift in Sources */,
				A5BD78F029C998FF00F61807 /* LoginViewController.swift in Sources */,
				A5DF7A2829B0821C00799BEA /* HomeView.swift in Sources */,
				A57ADCAC29C4415300C9FDDF /* DetailModel.swift in Sources */,
				A5BA29EC29D192500038B36D /* SearchKeywordCell.swift in Sources */,
				A5DF79B929B0275A00799BEA /* AppDelegate.swift in Sources */,
				A5BA29EE29D1A01B0038B36D /* Date+.swift in Sources */,
				A5DF79D429B05C1300799BEA /* AppStepper.swift in Sources */,
				A57ADC7C29BF2D7200C9FDDF /* AlbumDetailModel.swift in Sources */,
				A57ADC7629BF290100C9FDDF /* ArtistLocalTopModel.swift in Sources */,
				A5BD78F229C99A1500F61807 /* LoginViewModel.swift in Sources */,
				A5BA29D529CBD2160038B36D /* SearchView.swift in Sources */,
				A5BA29DA29CBEB890038B36D /* SearchTabView.swift in Sources */,
				A5BA29D129CAC9F00038B36D /* DetailInfoView.swift in Sources */,
				A57ADC6429BEB6B300C9FDDF /* ServiceApi.swift in Sources */,
				A5BA29E729D18B400038B36D /* SearchKeywordView.swift in Sources */,
				A5DF79F829B0610D00799BEA /* ViewModelType.swift in Sources */,
				A5DF79E529B05D8500799BEA /* HomeFlow.swift in Sources */,
				A57ADC6929BEE3E100C9FDDF /* ArtistDetailModel.swift in Sources */,
				A57ADCA229C4071E00C9FDDF /* BaseViewController.swift in Sources */,
				A5BA29D329CAE1AC0038B36D /* DetailTrackView.swift in Sources */,
				A57ADC7A29BF2C3900C9FDDF /* TrackDetailModel.swift in Sources */,
				A5BD78F929C9AE3B00F61807 /* LoginStepper.swift in Sources */,
				A5DF79D229B05BA600799BEA /* MainSteps.swift in Sources */,
				A5BA29E129CC2A690038B36D /* ArtistSearchModel.swift in Sources */,
				A57ADC8629C0284D00C9FDDF /* TrackLocalTopModel.swift in Sources */,
				A5DD6F7329C86063008D2B80 /* UIView+.swift in Sources */,
				A57ADC9029C14DCC00C9FDDF /* HomeCardModel.swift in Sources */,
				A5DF79DA29B05CB500799BEA /* HomeStepper.swift in Sources */,
				A5DF79F029B0608300799BEA /* HomeViewModel.swift in Sources */,
				A5BA29D729CBD31B0038B36D /* UITextField+.swift in Sources */,
				A57ADC8229BF3F2300C9FDDF /* TrackTopModel.swift in Sources */,
				A57ADC8829C0573300C9FDDF /* HomeTableViewCell.swift in Sources */,
				A5DF79E729B05D8C00799BEA /* SearchFlow.swift in Sources */,
				A5DF79BB29B0275A00799BEA /* SceneDelegate.swift in Sources */,
				A5DF79EE29B0607800799BEA /* HomeViewController.swift in Sources */,
				A57ADCA029C30D7700C9FDDF /* UIScrollView+.swift in Sources */,
				A5DF79DC29B05CC000799BEA /* SearchStepper.swift in Sources */,
				A57ADC7429BF278400C9FDDF /* ArtistTopModel.swift in Sources */,
				A5BA29F629D2E4E20038B36D /* UIWindow+.swift in Sources */,
			);
			runOnlyForDeploymentPostprocessing = 0;
		};
/* End PBXSourcesBuildPhase section */

/* Begin PBXVariantGroup section */
		A55A1B2E29DE420A000CE1D7 /* Localizable.strings */ = {
			isa = PBXVariantGroup;
			children = (
				A55A1B2D29DE420A000CE1D7 /* en */,
				A55A1B3029DE4246000CE1D7 /* ko */,
			);
			name = Localizable.strings;
			sourceTree = "<group>";
		};
		A5DF79C329B0275A00799BEA /* LaunchScreen.storyboard */ = {
			isa = PBXVariantGroup;
			children = (
				A5DF79C429B0275A00799BEA /* Base */,
				A55A1B2F29DE4246000CE1D7 /* ko */,
			);
			name = LaunchScreen.storyboard;
			sourceTree = "<group>";
		};
/* End PBXVariantGroup section */

/* Begin XCBuildConfiguration section */
		A5DF79C729B0275A00799BEA /* Debug */ = {
			isa = XCBuildConfiguration;
			buildSettings = {
				ALWAYS_SEARCH_USER_PATHS = NO;
				CLANG_ANALYZER_LOCALIZABILITY_NONLOCALIZED = YES;
				CLANG_ANALYZER_NONNULL = YES;
				CLANG_ANALYZER_NUMBER_OBJECT_CONVERSION = YES_AGGRESSIVE;
				CLANG_CXX_LANGUAGE_STANDARD = "gnu++20";
				CLANG_ENABLE_MODULES = YES;
				CLANG_ENABLE_OBJC_ARC = YES;
				CLANG_ENABLE_OBJC_WEAK = YES;
				CLANG_WARN_BLOCK_CAPTURE_AUTORELEASING = YES;
				CLANG_WARN_BOOL_CONVERSION = YES;
				CLANG_WARN_COMMA = YES;
				CLANG_WARN_CONSTANT_CONVERSION = YES;
				CLANG_WARN_DEPRECATED_OBJC_IMPLEMENTATIONS = YES;
				CLANG_WARN_DIRECT_OBJC_ISA_USAGE = YES_ERROR;
				CLANG_WARN_DOCUMENTATION_COMMENTS = YES;
				CLANG_WARN_EMPTY_BODY = YES;
				CLANG_WARN_ENUM_CONVERSION = YES;
				CLANG_WARN_INFINITE_RECURSION = YES;
				CLANG_WARN_INT_CONVERSION = YES;
				CLANG_WARN_NON_LITERAL_NULL_CONVERSION = YES;
				CLANG_WARN_OBJC_IMPLICIT_RETAIN_SELF = YES;
				CLANG_WARN_OBJC_LITERAL_CONVERSION = YES;
				CLANG_WARN_OBJC_ROOT_CLASS = YES_ERROR;
				CLANG_WARN_QUOTED_INCLUDE_IN_FRAMEWORK_HEADER = YES;
				CLANG_WARN_RANGE_LOOP_ANALYSIS = YES;
				CLANG_WARN_STRICT_PROTOTYPES = YES;
				CLANG_WARN_SUSPICIOUS_MOVE = YES;
				CLANG_WARN_UNGUARDED_AVAILABILITY = YES_AGGRESSIVE;
				CLANG_WARN_UNREACHABLE_CODE = YES;
				CLANG_WARN__DUPLICATE_METHOD_MATCH = YES;
				COPY_PHASE_STRIP = NO;
				DEBUG_INFORMATION_FORMAT = dwarf;
				ENABLE_STRICT_OBJC_MSGSEND = YES;
				ENABLE_TESTABILITY = YES;
				GCC_C_LANGUAGE_STANDARD = gnu11;
				GCC_DYNAMIC_NO_PIC = NO;
				GCC_NO_COMMON_BLOCKS = YES;
				GCC_OPTIMIZATION_LEVEL = 0;
				GCC_PREPROCESSOR_DEFINITIONS = (
					"DEBUG=1",
					"$(inherited)",
				);
				GCC_WARN_64_TO_32_BIT_CONVERSION = YES;
				GCC_WARN_ABOUT_RETURN_TYPE = YES_ERROR;
				GCC_WARN_UNDECLARED_SELECTOR = YES;
				GCC_WARN_UNINITIALIZED_AUTOS = YES_AGGRESSIVE;
				GCC_WARN_UNUSED_FUNCTION = YES;
				GCC_WARN_UNUSED_VARIABLE = YES;
				IPHONEOS_DEPLOYMENT_TARGET = 16.0;
				MTL_ENABLE_DEBUG_INFO = INCLUDE_SOURCE;
				MTL_FAST_MATH = YES;
				ONLY_ACTIVE_ARCH = YES;
				SDKROOT = iphoneos;
				SWIFT_ACTIVE_COMPILATION_CONDITIONS = DEBUG;
				SWIFT_OPTIMIZATION_LEVEL = "-Onone";
			};
			name = Debug;
		};
		A5DF79C829B0275A00799BEA /* Release */ = {
			isa = XCBuildConfiguration;
			buildSettings = {
				ALWAYS_SEARCH_USER_PATHS = NO;
				CLANG_ANALYZER_LOCALIZABILITY_NONLOCALIZED = YES;
				CLANG_ANALYZER_NONNULL = YES;
				CLANG_ANALYZER_NUMBER_OBJECT_CONVERSION = YES_AGGRESSIVE;
				CLANG_CXX_LANGUAGE_STANDARD = "gnu++20";
				CLANG_ENABLE_MODULES = YES;
				CLANG_ENABLE_OBJC_ARC = YES;
				CLANG_ENABLE_OBJC_WEAK = YES;
				CLANG_WARN_BLOCK_CAPTURE_AUTORELEASING = YES;
				CLANG_WARN_BOOL_CONVERSION = YES;
				CLANG_WARN_COMMA = YES;
				CLANG_WARN_CONSTANT_CONVERSION = YES;
				CLANG_WARN_DEPRECATED_OBJC_IMPLEMENTATIONS = YES;
				CLANG_WARN_DIRECT_OBJC_ISA_USAGE = YES_ERROR;
				CLANG_WARN_DOCUMENTATION_COMMENTS = YES;
				CLANG_WARN_EMPTY_BODY = YES;
				CLANG_WARN_ENUM_CONVERSION = YES;
				CLANG_WARN_INFINITE_RECURSION = YES;
				CLANG_WARN_INT_CONVERSION = YES;
				CLANG_WARN_NON_LITERAL_NULL_CONVERSION = YES;
				CLANG_WARN_OBJC_IMPLICIT_RETAIN_SELF = YES;
				CLANG_WARN_OBJC_LITERAL_CONVERSION = YES;
				CLANG_WARN_OBJC_ROOT_CLASS = YES_ERROR;
				CLANG_WARN_QUOTED_INCLUDE_IN_FRAMEWORK_HEADER = YES;
				CLANG_WARN_RANGE_LOOP_ANALYSIS = YES;
				CLANG_WARN_STRICT_PROTOTYPES = YES;
				CLANG_WARN_SUSPICIOUS_MOVE = YES;
				CLANG_WARN_UNGUARDED_AVAILABILITY = YES_AGGRESSIVE;
				CLANG_WARN_UNREACHABLE_CODE = YES;
				CLANG_WARN__DUPLICATE_METHOD_MATCH = YES;
				COPY_PHASE_STRIP = NO;
				DEBUG_INFORMATION_FORMAT = "dwarf-with-dsym";
				ENABLE_NS_ASSERTIONS = NO;
				ENABLE_STRICT_OBJC_MSGSEND = YES;
				GCC_C_LANGUAGE_STANDARD = gnu11;
				GCC_NO_COMMON_BLOCKS = YES;
				GCC_WARN_64_TO_32_BIT_CONVERSION = YES;
				GCC_WARN_ABOUT_RETURN_TYPE = YES_ERROR;
				GCC_WARN_UNDECLARED_SELECTOR = YES;
				GCC_WARN_UNINITIALIZED_AUTOS = YES_AGGRESSIVE;
				GCC_WARN_UNUSED_FUNCTION = YES;
				GCC_WARN_UNUSED_VARIABLE = YES;
				IPHONEOS_DEPLOYMENT_TARGET = 16.0;
				MTL_ENABLE_DEBUG_INFO = NO;
				MTL_FAST_MATH = YES;
				SDKROOT = iphoneos;
				SWIFT_COMPILATION_MODE = wholemodule;
				SWIFT_OPTIMIZATION_LEVEL = "-O";
				VALIDATE_PRODUCT = YES;
			};
			name = Release;
		};
		A5DF79CA29B0275A00799BEA /* Debug */ = {
			isa = XCBuildConfiguration;
			baseConfigurationReference = 820A3F740215DAFC45EF6F1E /* Pods-NiceMuisc.debug.xcconfig */;
			buildSettings = {
				ASSETCATALOG_COMPILER_APPICON_NAME = AppIcon;
				ASSETCATALOG_COMPILER_GLOBAL_ACCENT_COLOR_NAME = AccentColor;
				CODE_SIGN_STYLE = Automatic;
				CURRENT_PROJECT_VERSION = 1;
				GENERATE_INFOPLIST_FILE = YES;
				INFOPLIST_FILE = NiceMuisc/Info.plist;
				INFOPLIST_KEY_UIApplicationSupportsIndirectInputEvents = YES;
				INFOPLIST_KEY_UILaunchStoryboardName = LaunchScreen;
				INFOPLIST_KEY_UISupportedInterfaceOrientations_iPad = "UIInterfaceOrientationPortrait UIInterfaceOrientationPortraitUpsideDown UIInterfaceOrientationLandscapeLeft UIInterfaceOrientationLandscapeRight";
				INFOPLIST_KEY_UISupportedInterfaceOrientations_iPhone = "UIInterfaceOrientationPortrait UIInterfaceOrientationLandscapeLeft UIInterfaceOrientationLandscapeRight";
				LD_RUNPATH_SEARCH_PATHS = (
					"$(inherited)",
					"@executable_path/Frameworks",
				);
				MARKETING_VERSION = 1.0;
				PRODUCT_BUNDLE_IDENTIFIER = psm.NiceMuisc;
				PRODUCT_NAME = "$(TARGET_NAME)";
				SWIFT_EMIT_LOC_STRINGS = YES;
				SWIFT_VERSION = 5.0;
				TARGETED_DEVICE_FAMILY = "1,2";
			};
			name = Debug;
		};
		A5DF79CB29B0275A00799BEA /* Release */ = {
			isa = XCBuildConfiguration;
			baseConfigurationReference = 2AC229B4F07832C55B052FE9 /* Pods-NiceMuisc.release.xcconfig */;
			buildSettings = {
				ASSETCATALOG_COMPILER_APPICON_NAME = AppIcon;
				ASSETCATALOG_COMPILER_GLOBAL_ACCENT_COLOR_NAME = AccentColor;
				CODE_SIGN_STYLE = Automatic;
				CURRENT_PROJECT_VERSION = 1;
				GENERATE_INFOPLIST_FILE = YES;
				INFOPLIST_FILE = NiceMuisc/Info.plist;
				INFOPLIST_KEY_UIApplicationSupportsIndirectInputEvents = YES;
				INFOPLIST_KEY_UILaunchStoryboardName = LaunchScreen;
				INFOPLIST_KEY_UISupportedInterfaceOrientations_iPad = "UIInterfaceOrientationPortrait UIInterfaceOrientationPortraitUpsideDown UIInterfaceOrientationLandscapeLeft UIInterfaceOrientationLandscapeRight";
				INFOPLIST_KEY_UISupportedInterfaceOrientations_iPhone = "UIInterfaceOrientationPortrait UIInterfaceOrientationLandscapeLeft UIInterfaceOrientationLandscapeRight";
				LD_RUNPATH_SEARCH_PATHS = (
					"$(inherited)",
					"@executable_path/Frameworks",
				);
				MARKETING_VERSION = 1.0;
				PRODUCT_BUNDLE_IDENTIFIER = psm.NiceMuisc;
				PRODUCT_NAME = "$(TARGET_NAME)";
				SWIFT_EMIT_LOC_STRINGS = YES;
				SWIFT_VERSION = 5.0;
				TARGETED_DEVICE_FAMILY = "1,2";
			};
			name = Release;
		};
/* End XCBuildConfiguration section */

/* Begin XCConfigurationList section */
		A5DF79B029B0275A00799BEA /* Build configuration list for PBXProject "NiceMuisc" */ = {
			isa = XCConfigurationList;
			buildConfigurations = (
				A5DF79C729B0275A00799BEA /* Debug */,
				A5DF79C829B0275A00799BEA /* Release */,
			);
			defaultConfigurationIsVisible = 0;
			defaultConfigurationName = Release;
		};
		A5DF79C929B0275A00799BEA /* Build configuration list for PBXNativeTarget "NiceMuisc" */ = {
			isa = XCConfigurationList;
			buildConfigurations = (
				A5DF79CA29B0275A00799BEA /* Debug */,
				A5DF79CB29B0275A00799BEA /* Release */,
			);
			defaultConfigurationIsVisible = 0;
			defaultConfigurationName = Release;
		};
/* End XCConfigurationList section */
	};
	rootObject = A5DF79AD29B0275A00799BEA /* Project object */;
}
