// !$*UTF8*$!
{
	archiveVersion = 1;
	classes = {
	};
	objectVersion = 55;
	objects = {

/* Begin PBXBuildFile section */
		4B81EB7975760A08F8C883BC /* Pods_NiceMuisc.framework in Frameworks */ = {isa = PBXBuildFile; fileRef = E40D583E4044753832CA6740 /* Pods_NiceMuisc.framework */; };
		A5DF79B929B0275A00799BEA /* AppDelegate.swift in Sources */ = {isa = PBXBuildFile; fileRef = A5DF79B829B0275A00799BEA /* AppDelegate.swift */; };
		A5DF79BB29B0275A00799BEA /* SceneDelegate.swift in Sources */ = {isa = PBXBuildFile; fileRef = A5DF79BA29B0275A00799BEA /* SceneDelegate.swift */; };
		A5DF79C229B0275A00799BEA /* Assets.xcassets in Resources */ = {isa = PBXBuildFile; fileRef = A5DF79C129B0275A00799BEA /* Assets.xcassets */; };
		A5DF79C529B0275A00799BEA /* LaunchScreen.storyboard in Resources */ = {isa = PBXBuildFile; fileRef = A5DF79C329B0275A00799BEA /* LaunchScreen.storyboard */; };
		A5DF79D229B05BA600799BEA /* MainSteps.swift in Sources */ = {isa = PBXBuildFile; fileRef = A5DF79D129B05BA600799BEA /* MainSteps.swift */; };
		A5DF79D429B05C1300799BEA /* AppStepper.swift in Sources */ = {isa = PBXBuildFile; fileRef = A5DF79D329B05C1300799BEA /* AppStepper.swift */; };
		A5DF79D829B05CA600799BEA /* MainStepper.swift in Sources */ = {isa = PBXBuildFile; fileRef = A5DF79D729B05CA600799BEA /* MainStepper.swift */; };
		A5DF79DA29B05CB500799BEA /* HomeStepper.swift in Sources */ = {isa = PBXBuildFile; fileRef = A5DF79D929B05CB500799BEA /* HomeStepper.swift */; };
		A5DF79DC29B05CC000799BEA /* SearchStepper.swift in Sources */ = {isa = PBXBuildFile; fileRef = A5DF79DB29B05CC000799BEA /* SearchStepper.swift */; };
		A5DF79E129B05D7500799BEA /* AppFlow.swift in Sources */ = {isa = PBXBuildFile; fileRef = A5DF79E029B05D7500799BEA /* AppFlow.swift */; };
		A5DF79E329B05D7B00799BEA /* MainFlow.swift in Sources */ = {isa = PBXBuildFile; fileRef = A5DF79E229B05D7B00799BEA /* MainFlow.swift */; };
		A5DF79E529B05D8500799BEA /* HomeFlow.swift in Sources */ = {isa = PBXBuildFile; fileRef = A5DF79E429B05D8500799BEA /* HomeFlow.swift */; };
		A5DF79E729B05D8C00799BEA /* SearchFlow.swift in Sources */ = {isa = PBXBuildFile; fileRef = A5DF79E629B05D8C00799BEA /* SearchFlow.swift */; };
		A5DF79EE29B0607800799BEA /* HomeViewController.swift in Sources */ = {isa = PBXBuildFile; fileRef = A5DF79ED29B0607800799BEA /* HomeViewController.swift */; };
		A5DF79F029B0608300799BEA /* HomeViewModel.swift in Sources */ = {isa = PBXBuildFile; fileRef = A5DF79EF29B0608300799BEA /* HomeViewModel.swift */; };
		A5DF79F229B0608E00799BEA /* SearchViewController.swift in Sources */ = {isa = PBXBuildFile; fileRef = A5DF79F129B0608E00799BEA /* SearchViewController.swift */; };
		A5DF79F429B0609600799BEA /* SearchViewModel.swift in Sources */ = {isa = PBXBuildFile; fileRef = A5DF79F329B0609600799BEA /* SearchViewModel.swift */; };
		A5DF79F829B0610D00799BEA /* ViewModelType.swift in Sources */ = {isa = PBXBuildFile; fileRef = A5DF79F729B0610D00799BEA /* ViewModelType.swift */; };
/* End PBXBuildFile section */

/* Begin PBXFileReference section */
		2AC229B4F07832C55B052FE9 /* Pods-NiceMuisc.release.xcconfig */ = {isa = PBXFileReference; includeInIndex = 1; lastKnownFileType = text.xcconfig; name = "Pods-NiceMuisc.release.xcconfig"; path = "Target Support Files/Pods-NiceMuisc/Pods-NiceMuisc.release.xcconfig"; sourceTree = "<group>"; };
		820A3F740215DAFC45EF6F1E /* Pods-NiceMuisc.debug.xcconfig */ = {isa = PBXFileReference; includeInIndex = 1; lastKnownFileType = text.xcconfig; name = "Pods-NiceMuisc.debug.xcconfig"; path = "Target Support Files/Pods-NiceMuisc/Pods-NiceMuisc.debug.xcconfig"; sourceTree = "<group>"; };
		A5DF79B529B0275A00799BEA /* NiceMuisc.app */ = {isa = PBXFileReference; explicitFileType = wrapper.application; includeInIndex = 0; path = NiceMuisc.app; sourceTree = BUILT_PRODUCTS_DIR; };
		A5DF79B829B0275A00799BEA /* AppDelegate.swift */ = {isa = PBXFileReference; lastKnownFileType = sourcecode.swift; path = AppDelegate.swift; sourceTree = "<group>"; };
		A5DF79BA29B0275A00799BEA /* SceneDelegate.swift */ = {isa = PBXFileReference; lastKnownFileType = sourcecode.swift; path = SceneDelegate.swift; sourceTree = "<group>"; };
		A5DF79C129B0275A00799BEA /* Assets.xcassets */ = {isa = PBXFileReference; lastKnownFileType = folder.assetcatalog; path = Assets.xcassets; sourceTree = "<group>"; };
		A5DF79C429B0275A00799BEA /* Base */ = {isa = PBXFileReference; lastKnownFileType = file.storyboard; name = Base; path = Base.lproj/LaunchScreen.storyboard; sourceTree = "<group>"; };
		A5DF79C629B0275A00799BEA /* Info.plist */ = {isa = PBXFileReference; lastKnownFileType = text.plist.xml; path = Info.plist; sourceTree = "<group>"; };
		A5DF79D129B05BA600799BEA /* MainSteps.swift */ = {isa = PBXFileReference; lastKnownFileType = sourcecode.swift; path = MainSteps.swift; sourceTree = "<group>"; };
		A5DF79D329B05C1300799BEA /* AppStepper.swift */ = {isa = PBXFileReference; lastKnownFileType = sourcecode.swift; path = AppStepper.swift; sourceTree = "<group>"; };
		A5DF79D729B05CA600799BEA /* MainStepper.swift */ = {isa = PBXFileReference; lastKnownFileType = sourcecode.swift; path = MainStepper.swift; sourceTree = "<group>"; };
		A5DF79D929B05CB500799BEA /* HomeStepper.swift */ = {isa = PBXFileReference; lastKnownFileType = sourcecode.swift; path = HomeStepper.swift; sourceTree = "<group>"; };
		A5DF79DB29B05CC000799BEA /* SearchStepper.swift */ = {isa = PBXFileReference; lastKnownFileType = sourcecode.swift; path = SearchStepper.swift; sourceTree = "<group>"; };
		A5DF79E029B05D7500799BEA /* AppFlow.swift */ = {isa = PBXFileReference; lastKnownFileType = sourcecode.swift; path = AppFlow.swift; sourceTree = "<group>"; };
		A5DF79E229B05D7B00799BEA /* MainFlow.swift */ = {isa = PBXFileReference; lastKnownFileType = sourcecode.swift; path = MainFlow.swift; sourceTree = "<group>"; };
		A5DF79E429B05D8500799BEA /* HomeFlow.swift */ = {isa = PBXFileReference; lastKnownFileType = sourcecode.swift; path = HomeFlow.swift; sourceTree = "<group>"; };
		A5DF79E629B05D8C00799BEA /* SearchFlow.swift */ = {isa = PBXFileReference; lastKnownFileType = sourcecode.swift; path = SearchFlow.swift; sourceTree = "<group>"; };
		A5DF79ED29B0607800799BEA /* HomeViewController.swift */ = {isa = PBXFileReference; lastKnownFileType = sourcecode.swift; path = HomeViewController.swift; sourceTree = "<group>"; };
		A5DF79EF29B0608300799BEA /* HomeViewModel.swift */ = {isa = PBXFileReference; lastKnownFileType = sourcecode.swift; path = HomeViewModel.swift; sourceTree = "<group>"; };
		A5DF79F129B0608E00799BEA /* SearchViewController.swift */ = {isa = PBXFileReference; lastKnownFileType = sourcecode.swift; path = SearchViewController.swift; sourceTree = "<group>"; };
		A5DF79F329B0609600799BEA /* SearchViewModel.swift */ = {isa = PBXFileReference; lastKnownFileType = sourcecode.swift; path = SearchViewModel.swift; sourceTree = "<group>"; };
		A5DF79F729B0610D00799BEA /* ViewModelType.swift */ = {isa = PBXFileReference; lastKnownFileType = sourcecode.swift; path = ViewModelType.swift; sourceTree = "<group>"; };
		E40D583E4044753832CA6740 /* Pods_NiceMuisc.framework */ = {isa = PBXFileReference; explicitFileType = wrapper.framework; includeInIndex = 0; path = Pods_NiceMuisc.framework; sourceTree = BUILT_PRODUCTS_DIR; };
/* End PBXFileReference section */

/* Begin PBXFrameworksBuildPhase section */
		A5DF79B229B0275A00799BEA /* Frameworks */ = {
			isa = PBXFrameworksBuildPhase;
			buildActionMask = 2147483647;
			files = (
				4B81EB7975760A08F8C883BC /* Pods_NiceMuisc.framework in Frameworks */,
			);
			runOnlyForDeploymentPostprocessing = 0;
		};
/* End PBXFrameworksBuildPhase section */

/* Begin PBXGroup section */
		A5DF79AC29B0275A00799BEA = {
			isa = PBXGroup;
			children = (
				A5DF79B729B0275A00799BEA /* NiceMuisc */,
				A5DF79B629B0275A00799BEA /* Products */,
				CF767403931AF63A1BDA4592 /* Pods */,
				BDF864835C2571A30D5F885A /* Frameworks */,
			);
			sourceTree = "<group>";
		};
		A5DF79B629B0275A00799BEA /* Products */ = {
			isa = PBXGroup;
			children = (
				A5DF79B529B0275A00799BEA /* NiceMuisc.app */,
			);
			name = Products;
			sourceTree = "<group>";
		};
		A5DF79B729B0275A00799BEA /* NiceMuisc */ = {
			isa = PBXGroup;
			children = (
				A5DF79F929B0618D00799BEA /* Common */,
				A5DF79D029B0441100799BEA /* Views */,
				A5DF79CF29B043EF00799BEA /* Sections */,
				A5DF79CE29B043EA00799BEA /* Types */,
				A5DF79CD29B043DD00799BEA /* Models */,
				A5DF79DF29B05D5900799BEA /* Flows */,
				A5DF79CC29B043D800799BEA /* Services */,
				A5DF79C129B0275A00799BEA /* Assets.xcassets */,
				A5DF79C329B0275A00799BEA /* LaunchScreen.storyboard */,
				A5DF79C629B0275A00799BEA /* Info.plist */,
			);
			path = NiceMuisc;
			sourceTree = "<group>";
		};
		A5DF79CC29B043D800799BEA /* Services */ = {
			isa = PBXGroup;
			children = (
				A5DF79D629B05C2700799BEA /* Steppers */,
				A5DF79D529B05C1C00799BEA /* Steps */,
			);
			path = Services;
			sourceTree = "<group>";
		};
		A5DF79CD29B043DD00799BEA /* Models */ = {
			isa = PBXGroup;
			children = (
			);
			path = Models;
			sourceTree = "<group>";
		};
		A5DF79CE29B043EA00799BEA /* Types */ = {
			isa = PBXGroup;
			children = (
			);
			path = Types;
			sourceTree = "<group>";
		};
		A5DF79CF29B043EF00799BEA /* Sections */ = {
			isa = PBXGroup;
			children = (
				A5DF79F729B0610D00799BEA /* ViewModelType.swift */,
				A5DF79EC29B0605F00799BEA /* Main */,
				A5DF79EB29B0602600799BEA /* Detail */,
				A5DF79EA29B0602300799BEA /* List */,
			);
			path = Sections;
			sourceTree = "<group>";
		};
		A5DF79D029B0441100799BEA /* Views */ = {
			isa = PBXGroup;
			children = (
			);
			path = Views;
			sourceTree = "<group>";
		};
		A5DF79D529B05C1C00799BEA /* Steps */ = {
			isa = PBXGroup;
			children = (
				A5DF79D129B05BA600799BEA /* MainSteps.swift */,
			);
			path = Steps;
			sourceTree = "<group>";
		};
		A5DF79D629B05C2700799BEA /* Steppers */ = {
			isa = PBXGroup;
			children = (
				A5DF79D329B05C1300799BEA /* AppStepper.swift */,
				A5DF79D729B05CA600799BEA /* MainStepper.swift */,
				A5DF79D929B05CB500799BEA /* HomeStepper.swift */,
				A5DF79DB29B05CC000799BEA /* SearchStepper.swift */,
			);
			path = Steppers;
			sourceTree = "<group>";
		};
		A5DF79DF29B05D5900799BEA /* Flows */ = {
			isa = PBXGroup;
			children = (
				A5DF79E029B05D7500799BEA /* AppFlow.swift */,
				A5DF79E229B05D7B00799BEA /* MainFlow.swift */,
				A5DF79E429B05D8500799BEA /* HomeFlow.swift */,
				A5DF79E629B05D8C00799BEA /* SearchFlow.swift */,
			);
			path = Flows;
			sourceTree = "<group>";
		};
		A5DF79E829B0601700799BEA /* Home */ = {
			isa = PBXGroup;
			children = (
				A5DF79ED29B0607800799BEA /* HomeViewController.swift */,
				A5DF79EF29B0608300799BEA /* HomeViewModel.swift */,
			);
			path = Home;
			sourceTree = "<group>";
		};
		A5DF79E929B0601F00799BEA /* Search */ = {
			isa = PBXGroup;
			children = (
				A5DF79F129B0608E00799BEA /* SearchViewController.swift */,
				A5DF79F329B0609600799BEA /* SearchViewModel.swift */,
			);
			path = Search;
			sourceTree = "<group>";
		};
		A5DF79EA29B0602300799BEA /* List */ = {
			isa = PBXGroup;
			children = (
			);
			path = List;
			sourceTree = "<group>";
		};
		A5DF79EB29B0602600799BEA /* Detail */ = {
			isa = PBXGroup;
			children = (
			);
			path = Detail;
			sourceTree = "<group>";
		};
		A5DF79EC29B0605F00799BEA /* Main */ = {
			isa = PBXGroup;
			children = (
				A5DF79E829B0601700799BEA /* Home */,
				A5DF79E929B0601F00799BEA /* Search */,
			);
			path = Main;
			sourceTree = "<group>";
		};
		A5DF79F929B0618D00799BEA /* Common */ = {
			isa = PBXGroup;
			children = (
				A5DF79B829B0275A00799BEA /* AppDelegate.swift */,
				A5DF79BA29B0275A00799BEA /* SceneDelegate.swift */,
			);
			path = Common;
			sourceTree = "<group>";
		};
		BDF864835C2571A30D5F885A /* Frameworks */ = {
			isa = PBXGroup;
			children = (
				E40D583E4044753832CA6740 /* Pods_NiceMuisc.framework */,
			);
			name = Frameworks;
			sourceTree = "<group>";
		};
		CF767403931AF63A1BDA4592 /* Pods */ = {
			isa = PBXGroup;
			children = (
				820A3F740215DAFC45EF6F1E /* Pods-NiceMuisc.debug.xcconfig */,
				2AC229B4F07832C55B052FE9 /* Pods-NiceMuisc.release.xcconfig */,
			);
			path = Pods;
			sourceTree = "<group>";
		};
/* End PBXGroup section */

/* Begin PBXNativeTarget section */
		A5DF79B429B0275A00799BEA /* NiceMuisc */ = {
			isa = PBXNativeTarget;
			buildConfigurationList = A5DF79C929B0275A00799BEA /* Build configuration list for PBXNativeTarget "NiceMuisc" */;
			buildPhases = (
				1FFB91224770008E136A4FAB /* [CP] Check Pods Manifest.lock */,
				A5DF79B129B0275A00799BEA /* Sources */,
				A5DF79B229B0275A00799BEA /* Frameworks */,
				A5DF79B329B0275A00799BEA /* Resources */,
				4D822FD622AA5A02CE3A3E08 /* [CP] Embed Pods Frameworks */,
			);
			buildRules = (
			);
			dependencies = (
			);
			name = NiceMuisc;
			productName = NiceMuisc;
			productReference = A5DF79B529B0275A00799BEA /* NiceMuisc.app */;
			productType = "com.apple.product-type.application";
		};
/* End PBXNativeTarget section */

/* Begin PBXProject section */
		A5DF79AD29B0275A00799BEA /* Project object */ = {
			isa = PBXProject;
			attributes = {
				BuildIndependentTargetsInParallel = 1;
				LastSwiftUpdateCheck = 1400;
				LastUpgradeCheck = 1400;
				TargetAttributes = {
					A5DF79B429B0275A00799BEA = {
						CreatedOnToolsVersion = 14.0.1;
					};
				};
			};
			buildConfigurationList = A5DF79B029B0275A00799BEA /* Build configuration list for PBXProject "NiceMuisc" */;
			compatibilityVersion = "Xcode 13.0";
			developmentRegion = en;
			hasScannedForEncodings = 0;
			knownRegions = (
				en,
				Base,
			);
			mainGroup = A5DF79AC29B0275A00799BEA;
			productRefGroup = A5DF79B629B0275A00799BEA /* Products */;
			projectDirPath = "";
			projectRoot = "";
			targets = (
				A5DF79B429B0275A00799BEA /* NiceMuisc */,
			);
		};
/* End PBXProject section */

/* Begin PBXResourcesBuildPhase section */
		A5DF79B329B0275A00799BEA /* Resources */ = {
			isa = PBXResourcesBuildPhase;
			buildActionMask = 2147483647;
			files = (
				A5DF79C529B0275A00799BEA /* LaunchScreen.storyboard in Resources */,
				A5DF79C229B0275A00799BEA /* Assets.xcassets in Resources */,
			);
			runOnlyForDeploymentPostprocessing = 0;
		};
/* End PBXResourcesBuildPhase section */

/* Begin PBXShellScriptBuildPhase section */
		1FFB91224770008E136A4FAB /* [CP] Check Pods Manifest.lock */ = {
			isa = PBXShellScriptBuildPhase;
			buildActionMask = 2147483647;
			files = (
			);
			inputFileListPaths = (
			);
			inputPaths = (
				"${PODS_PODFILE_DIR_PATH}/Podfile.lock",
				"${PODS_ROOT}/Manifest.lock",
			);
			name = "[CP] Check Pods Manifest.lock";
			outputFileListPaths = (
			);
			outputPaths = (
				"$(DERIVED_FILE_DIR)/Pods-NiceMuisc-checkManifestLockResult.txt",
			);
			runOnlyForDeploymentPostprocessing = 0;
			shellPath = /bin/sh;
			shellScript = "diff \"${PODS_PODFILE_DIR_PATH}/Podfile.lock\" \"${PODS_ROOT}/Manifest.lock\" > /dev/null\nif [ $? != 0 ] ; then\n    # print error to STDERR\n    echo \"error: The sandbox is not in sync with the Podfile.lock. Run 'pod install' or update your CocoaPods installation.\" >&2\n    exit 1\nfi\n# This output is used by Xcode 'outputs' to avoid re-running this script phase.\necho \"SUCCESS\" > \"${SCRIPT_OUTPUT_FILE_0}\"\n";
			showEnvVarsInLog = 0;
		};
		4D822FD622AA5A02CE3A3E08 /* [CP] Embed Pods Frameworks */ = {
			isa = PBXShellScriptBuildPhase;
			buildActionMask = 2147483647;
			files = (
			);
			inputFileListPaths = (
				"${PODS_ROOT}/Target Support Files/Pods-NiceMuisc/Pods-NiceMuisc-frameworks-${CONFIGURATION}-input-files.xcfilelist",
			);
			name = "[CP] Embed Pods Frameworks";
			outputFileListPaths = (
				"${PODS_ROOT}/Target Support Files/Pods-NiceMuisc/Pods-NiceMuisc-frameworks-${CONFIGURATION}-output-files.xcfilelist",
			);
			runOnlyForDeploymentPostprocessing = 0;
			shellPath = /bin/sh;
			shellScript = "\"${PODS_ROOT}/Target Support Files/Pods-NiceMuisc/Pods-NiceMuisc-frameworks.sh\"\n";
			showEnvVarsInLog = 0;
		};
/* End PBXShellScriptBuildPhase section */

/* Begin PBXSourcesBuildPhase section */
		A5DF79B129B0275A00799BEA /* Sources */ = {
			isa = PBXSourcesBuildPhase;
			buildActionMask = 2147483647;
			files = (
				A5DF79F229B0608E00799BEA /* SearchViewController.swift in Sources */,
				A5DF79D829B05CA600799BEA /* MainStepper.swift in Sources */,
				A5DF79F429B0609600799BEA /* SearchViewModel.swift in Sources */,
				A5DF79E129B05D7500799BEA /* AppFlow.swift in Sources */,
				A5DF79E329B05D7B00799BEA /* MainFlow.swift in Sources */,
				A5DF79B929B0275A00799BEA /* AppDelegate.swift in Sources */,
				A5DF79D429B05C1300799BEA /* AppStepper.swift in Sources */,
				A5DF79F829B0610D00799BEA /* ViewModelType.swift in Sources */,
				A5DF79E529B05D8500799BEA /* HomeFlow.swift in Sources */,
				A5DF79D229B05BA600799BEA /* MainSteps.swift in Sources */,
				A5DF79DA29B05CB500799BEA /* HomeStepper.swift in Sources */,
				A5DF79F029B0608300799BEA /* HomeViewModel.swift in Sources */,
				A5DF79E729B05D8C00799BEA /* SearchFlow.swift in Sources */,
				A5DF79BB29B0275A00799BEA /* SceneDelegate.swift in Sources */,
				A5DF79EE29B0607800799BEA /* HomeViewController.swift in Sources */,
				A5DF79DC29B05CC000799BEA /* SearchStepper.swift in Sources */,
			);
			runOnlyForDeploymentPostprocessing = 0;
		};
/* End PBXSourcesBuildPhase section */

/* Begin PBXVariantGroup section */
		A5DF79C329B0275A00799BEA /* LaunchScreen.storyboard */ = {
			isa = PBXVariantGroup;
			children = (
				A5DF79C429B0275A00799BEA /* Base */,
			);
			name = LaunchScreen.storyboard;
			sourceTree = "<group>";
		};
/* End PBXVariantGroup section */

/* Begin XCBuildConfiguration section */
		A5DF79C729B0275A00799BEA /* Debug */ = {
			isa = XCBuildConfiguration;
			buildSettings = {
				ALWAYS_SEARCH_USER_PATHS = NO;
				CLANG_ANALYZER_NONNULL = YES;
				CLANG_ANALYZER_NUMBER_OBJECT_CONVERSION = YES_AGGRESSIVE;
				CLANG_CXX_LANGUAGE_STANDARD = "gnu++20";
				CLANG_ENABLE_MODULES = YES;
				CLANG_ENABLE_OBJC_ARC = YES;
				CLANG_ENABLE_OBJC_WEAK = YES;
				CLANG_WARN_BLOCK_CAPTURE_AUTORELEASING = YES;
				CLANG_WARN_BOOL_CONVERSION = YES;
				CLANG_WARN_COMMA = YES;
				CLANG_WARN_CONSTANT_CONVERSION = YES;
				CLANG_WARN_DEPRECATED_OBJC_IMPLEMENTATIONS = YES;
				CLANG_WARN_DIRECT_OBJC_ISA_USAGE = YES_ERROR;
				CLANG_WARN_DOCUMENTATION_COMMENTS = YES;
				CLANG_WARN_EMPTY_BODY = YES;
				CLANG_WARN_ENUM_CONVERSION = YES;
				CLANG_WARN_INFINITE_RECURSION = YES;
				CLANG_WARN_INT_CONVERSION = YES;
				CLANG_WARN_NON_LITERAL_NULL_CONVERSION = YES;
				CLANG_WARN_OBJC_IMPLICIT_RETAIN_SELF = YES;
				CLANG_WARN_OBJC_LITERAL_CONVERSION = YES;
				CLANG_WARN_OBJC_ROOT_CLASS = YES_ERROR;
				CLANG_WARN_QUOTED_INCLUDE_IN_FRAMEWORK_HEADER = YES;
				CLANG_WARN_RANGE_LOOP_ANALYSIS = YES;
				CLANG_WARN_STRICT_PROTOTYPES = YES;
				CLANG_WARN_SUSPICIOUS_MOVE = YES;
				CLANG_WARN_UNGUARDED_AVAILABILITY = YES_AGGRESSIVE;
				CLANG_WARN_UNREACHABLE_CODE = YES;
				CLANG_WARN__DUPLICATE_METHOD_MATCH = YES;
				COPY_PHASE_STRIP = NO;
				DEBUG_INFORMATION_FORMAT = dwarf;
				ENABLE_STRICT_OBJC_MSGSEND = YES;
				ENABLE_TESTABILITY = YES;
				GCC_C_LANGUAGE_STANDARD = gnu11;
				GCC_DYNAMIC_NO_PIC = NO;
				GCC_NO_COMMON_BLOCKS = YES;
				GCC_OPTIMIZATION_LEVEL = 0;
				GCC_PREPROCESSOR_DEFINITIONS = (
					"DEBUG=1",
					"$(inherited)",
				);
				GCC_WARN_64_TO_32_BIT_CONVERSION = YES;
				GCC_WARN_ABOUT_RETURN_TYPE = YES_ERROR;
				GCC_WARN_UNDECLARED_SELECTOR = YES;
				GCC_WARN_UNINITIALIZED_AUTOS = YES_AGGRESSIVE;
				GCC_WARN_UNUSED_FUNCTION = YES;
				GCC_WARN_UNUSED_VARIABLE = YES;
				IPHONEOS_DEPLOYMENT_TARGET = 16.0;
				MTL_ENABLE_DEBUG_INFO = INCLUDE_SOURCE;
				MTL_FAST_MATH = YES;
				ONLY_ACTIVE_ARCH = YES;
				SDKROOT = iphoneos;
				SWIFT_ACTIVE_COMPILATION_CONDITIONS = DEBUG;
				SWIFT_OPTIMIZATION_LEVEL = "-Onone";
			};
			name = Debug;
		};
		A5DF79C829B0275A00799BEA /* Release */ = {
			isa = XCBuildConfiguration;
			buildSettings = {
				ALWAYS_SEARCH_USER_PATHS = NO;
				CLANG_ANALYZER_NONNULL = YES;
				CLANG_ANALYZER_NUMBER_OBJECT_CONVERSION = YES_AGGRESSIVE;
				CLANG_CXX_LANGUAGE_STANDARD = "gnu++20";
				CLANG_ENABLE_MODULES = YES;
				CLANG_ENABLE_OBJC_ARC = YES;
				CLANG_ENABLE_OBJC_WEAK = YES;
				CLANG_WARN_BLOCK_CAPTURE_AUTORELEASING = YES;
				CLANG_WARN_BOOL_CONVERSION = YES;
				CLANG_WARN_COMMA = YES;
				CLANG_WARN_CONSTANT_CONVERSION = YES;
				CLANG_WARN_DEPRECATED_OBJC_IMPLEMENTATIONS = YES;
				CLANG_WARN_DIRECT_OBJC_ISA_USAGE = YES_ERROR;
				CLANG_WARN_DOCUMENTATION_COMMENTS = YES;
				CLANG_WARN_EMPTY_BODY = YES;
				CLANG_WARN_ENUM_CONVERSION = YES;
				CLANG_WARN_INFINITE_RECURSION = YES;
				CLANG_WARN_INT_CONVERSION = YES;
				CLANG_WARN_NON_LITERAL_NULL_CONVERSION = YES;
				CLANG_WARN_OBJC_IMPLICIT_RETAIN_SELF = YES;
				CLANG_WARN_OBJC_LITERAL_CONVERSION = YES;
				CLANG_WARN_OBJC_ROOT_CLASS = YES_ERROR;
				CLANG_WARN_QUOTED_INCLUDE_IN_FRAMEWORK_HEADER = YES;
				CLANG_WARN_RANGE_LOOP_ANALYSIS = YES;
				CLANG_WARN_STRICT_PROTOTYPES = YES;
				CLANG_WARN_SUSPICIOUS_MOVE = YES;
				CLANG_WARN_UNGUARDED_AVAILABILITY = YES_AGGRESSIVE;
				CLANG_WARN_UNREACHABLE_CODE = YES;
				CLANG_WARN__DUPLICATE_METHOD_MATCH = YES;
				COPY_PHASE_STRIP = NO;
				DEBUG_INFORMATION_FORMAT = "dwarf-with-dsym";
				ENABLE_NS_ASSERTIONS = NO;
				ENABLE_STRICT_OBJC_MSGSEND = YES;
				GCC_C_LANGUAGE_STANDARD = gnu11;
				GCC_NO_COMMON_BLOCKS = YES;
				GCC_WARN_64_TO_32_BIT_CONVERSION = YES;
				GCC_WARN_ABOUT_RETURN_TYPE = YES_ERROR;
				GCC_WARN_UNDECLARED_SELECTOR = YES;
				GCC_WARN_UNINITIALIZED_AUTOS = YES_AGGRESSIVE;
				GCC_WARN_UNUSED_FUNCTION = YES;
				GCC_WARN_UNUSED_VARIABLE = YES;
				IPHONEOS_DEPLOYMENT_TARGET = 16.0;
				MTL_ENABLE_DEBUG_INFO = NO;
				MTL_FAST_MATH = YES;
				SDKROOT = iphoneos;
				SWIFT_COMPILATION_MODE = wholemodule;
				SWIFT_OPTIMIZATION_LEVEL = "-O";
				VALIDATE_PRODUCT = YES;
			};
			name = Release;
		};
		A5DF79CA29B0275A00799BEA /* Debug */ = {
			isa = XCBuildConfiguration;
			baseConfigurationReference = 820A3F740215DAFC45EF6F1E /* Pods-NiceMuisc.debug.xcconfig */;
			buildSettings = {
				ASSETCATALOG_COMPILER_APPICON_NAME = AppIcon;
				ASSETCATALOG_COMPILER_GLOBAL_ACCENT_COLOR_NAME = AccentColor;
				CODE_SIGN_STYLE = Automatic;
				CURRENT_PROJECT_VERSION = 1;
				GENERATE_INFOPLIST_FILE = YES;
				INFOPLIST_FILE = NiceMuisc/Info.plist;
				INFOPLIST_KEY_UIApplicationSupportsIndirectInputEvents = YES;
				INFOPLIST_KEY_UILaunchStoryboardName = LaunchScreen;
				INFOPLIST_KEY_UISupportedInterfaceOrientations_iPad = "UIInterfaceOrientationPortrait UIInterfaceOrientationPortraitUpsideDown UIInterfaceOrientationLandscapeLeft UIInterfaceOrientationLandscapeRight";
				INFOPLIST_KEY_UISupportedInterfaceOrientations_iPhone = "UIInterfaceOrientationPortrait UIInterfaceOrientationLandscapeLeft UIInterfaceOrientationLandscapeRight";
				LD_RUNPATH_SEARCH_PATHS = (
					"$(inherited)",
					"@executable_path/Frameworks",
				);
				MARKETING_VERSION = 1.0;
				PRODUCT_BUNDLE_IDENTIFIER = psm.NiceMuisc;
				PRODUCT_NAME = "$(TARGET_NAME)";
				SWIFT_EMIT_LOC_STRINGS = YES;
				SWIFT_VERSION = 5.0;
				TARGETED_DEVICE_FAMILY = "1,2";
			};
			name = Debug;
		};
		A5DF79CB29B0275A00799BEA /* Release */ = {
			isa = XCBuildConfiguration;
			baseConfigurationReference = 2AC229B4F07832C55B052FE9 /* Pods-NiceMuisc.release.xcconfig */;
			buildSettings = {
				ASSETCATALOG_COMPILER_APPICON_NAME = AppIcon;
				ASSETCATALOG_COMPILER_GLOBAL_ACCENT_COLOR_NAME = AccentColor;
				CODE_SIGN_STYLE = Automatic;
				CURRENT_PROJECT_VERSION = 1;
				GENERATE_INFOPLIST_FILE = YES;
				INFOPLIST_FILE = NiceMuisc/Info.plist;
				INFOPLIST_KEY_UIApplicationSupportsIndirectInputEvents = YES;
				INFOPLIST_KEY_UILaunchStoryboardName = LaunchScreen;
				INFOPLIST_KEY_UISupportedInterfaceOrientations_iPad = "UIInterfaceOrientationPortrait UIInterfaceOrientationPortraitUpsideDown UIInterfaceOrientationLandscapeLeft UIInterfaceOrientationLandscapeRight";
				INFOPLIST_KEY_UISupportedInterfaceOrientations_iPhone = "UIInterfaceOrientationPortrait UIInterfaceOrientationLandscapeLeft UIInterfaceOrientationLandscapeRight";
				LD_RUNPATH_SEARCH_PATHS = (
					"$(inherited)",
					"@executable_path/Frameworks",
				);
				MARKETING_VERSION = 1.0;
				PRODUCT_BUNDLE_IDENTIFIER = psm.NiceMuisc;
				PRODUCT_NAME = "$(TARGET_NAME)";
				SWIFT_EMIT_LOC_STRINGS = YES;
				SWIFT_VERSION = 5.0;
				TARGETED_DEVICE_FAMILY = "1,2";
			};
			name = Release;
		};
/* End XCBuildConfiguration section */

/* Begin XCConfigurationList section */
		A5DF79B029B0275A00799BEA /* Build configuration list for PBXProject "NiceMuisc" */ = {
			isa = XCConfigurationList;
			buildConfigurations = (
				A5DF79C729B0275A00799BEA /* Debug */,
				A5DF79C829B0275A00799BEA /* Release */,
			);
			defaultConfigurationIsVisible = 0;
			defaultConfigurationName = Release;
		};
		A5DF79C929B0275A00799BEA /* Build configuration list for PBXNativeTarget "NiceMuisc" */ = {
			isa = XCConfigurationList;
			buildConfigurations = (
				A5DF79CA29B0275A00799BEA /* Debug */,
				A5DF79CB29B0275A00799BEA /* Release */,
			);
			defaultConfigurationIsVisible = 0;
			defaultConfigurationName = Release;
		};
/* End XCConfigurationList section */
	};
	rootObject = A5DF79AD29B0275A00799BEA /* Project object */;
}
